// !$*UTF8*$!
{
	archiveVersion = 1;
	classes = {
	};
	objectVersion = 77;
	objects = {

/* Begin PBXBuildFile section */
		09D131ED937E71857B4EBA22 /* SettingsView.swift in Sources */ = {isa = PBXBuildFile; fileRef = 66976D0D1557A6ADFDEF5959 /* SettingsView.swift */; };
		0E7AE0CB35BB4C2FAC9729F0 /* StatusBadge.swift in Sources */ = {isa = PBXBuildFile; fileRef = 2150573043CA45CB8F2F1630 /* StatusBadge.swift */; };
		0F19CA358E96463CCDAEFFE7 /* MonthCalendarView.swift in Sources */ = {isa = PBXBuildFile; fileRef = 06AD3FC8ECF4136D90326F37 /* MonthCalendarView.swift */; };
		11BE23FD160D549CBC22AC97 /* AddEditTransactionView.swift in Sources */ = {isa = PBXBuildFile; fileRef = 4C18ED1919F0D6A302F10ED5 /* AddEditTransactionView.swift */; };
		150761A60A088A760C561724 /* DebtsView.swift in Sources */ = {isa = PBXBuildFile; fileRef = 9238C7CBB53065A2814836A2 /* DebtsView.swift */; };
		236D288B7ADAB5F690629A01 /* MonthlyStatView.swift in Sources */ = {isa = PBXBuildFile; fileRef = E452F63D30D3F53FE26A1335 /* MonthlyStatView.swift */; };
		2415A6615DDDE80604624073 /* WalletService.swift in Sources */ = {isa = PBXBuildFile; fileRef = E046D095E689988603518CC6 /* WalletService.swift */; };
		26D8A01BCA3EC2BCB348A211 /* TransactionPaginationSection.swift in Sources */ = {isa = PBXBuildFile; fileRef = 0003CC3E2DD2C23136CD5DF6 /* TransactionPaginationSection.swift */; };
		297C2EAF4759093B247031DA /* Assets.xcassets in Resources */ = {isa = PBXBuildFile; fileRef = 47DB579F2EC9BFB1F8445486 /* Assets.xcassets */; };
		2A925F465D0945DE51325686 /* AddEditBudgetView.swift in Sources */ = {isa = PBXBuildFile; fileRef = 0EEF878BC087FB60122FF4A0 /* AddEditBudgetView.swift */; };
		2C9D4127BC2452D154C4E11D /* RecurringService.swift in Sources */ = {isa = PBXBuildFile; fileRef = 3E970C7990445F773EA68DB0 /* RecurringService.swift */; };
		30E31E9522DBAE2AB901D93C /* DebtService.swift in Sources */ = {isa = PBXBuildFile; fileRef = 5DEC3E5D139DA0AE1D39EA12 /* DebtService.swift */; };
		3664FFE71FD9E6885F3705F2 /* RootView.swift in Sources */ = {isa = PBXBuildFile; fileRef = 0121FE993DAE0AD28005418E /* RootView.swift */; };
		37C3DB63B08F87D41E0BACCD /* SavingGoalsView.swift in Sources */ = {isa = PBXBuildFile; fileRef = 3DD37B1A57723D6589BFC487 /* SavingGoalsView.swift */; };
		3BA7E5DBD691BD2837E03BD6 /* TransactionRow.swift in Sources */ = {isa = PBXBuildFile; fileRef = 25AF386E7E70A9823F6CE397 /* TransactionRow.swift */; };
		3C4C2EA20AD02C9F5194698B /* RecurringView.swift in Sources */ = {isa = PBXBuildFile; fileRef = EE6249E108B6EAFEB4AD2C8D /* RecurringView.swift */; };
		402701E7763CD1241602A7F5 /* AppConfig.swift in Sources */ = {isa = PBXBuildFile; fileRef = 62514F436416338A82625D20 /* AppConfig.swift */; };
		41A37F21F6B2CA268F53BA83 /* CategoriesView.swift in Sources */ = {isa = PBXBuildFile; fileRef = DB1D06BFC5D226A7083DB0E7 /* CategoriesView.swift */; };
		46894645D49B40359E2B3B91 /* TransactionViewModel.swift in Sources */ = {isa = PBXBuildFile; fileRef = AD9922F16B934293A75D0A00 /* TransactionViewModel.swift */; };
		486E1CF41EDB00C99AAB6115 /* AddEditCategoryView.swift in Sources */ = {isa = PBXBuildFile; fileRef = E5BF435250E4FBEE93C8039E /* AddEditCategoryView.swift */; };
		4CD605F9FA9CAA07A33E7F35 /* SkeletonView.swift in Sources */ = {isa = PBXBuildFile; fileRef = 884780EA4AE35DC8EB47FA06 /* SkeletonView.swift */; };
		4DEB23D65ED71EFEA3E3A46C /* CategoryService.swift in Sources */ = {isa = PBXBuildFile; fileRef = 5990C03C2F82819D1CFBCFE6 /* CategoryService.swift */; };
		4F6F542CF9D41E878A64DA9A /* BudgetsView.swift in Sources */ = {isa = PBXBuildFile; fileRef = BD880D4AEBFEEA72177182C0 /* BudgetsView.swift */; };
		559B91071B25A3AD3A94F8EB /* AddEditDebtView.swift in Sources */ = {isa = PBXBuildFile; fileRef = BA4A10BA445886ED82719B71 /* AddEditDebtView.swift */; };
		55FB2C5387B6898D00E26E8B /* MonthSelectorView.swift in Sources */ = {isa = PBXBuildFile; fileRef = 5DECE608EB80E21A40E7431C /* MonthSelectorView.swift */; };
		59B492622A2FBAB635DB6CC3 /* Personal_FinanceUITests.swift in Sources */ = {isa = PBXBuildFile; fileRef = BAB44E9E5CA4D415B1A8D0A1 /* Personal_FinanceUITests.swift */; };
		5CAC15D889E4A48A2EF75283 /* RecentTransactionRowView.swift in Sources */ = {isa = PBXBuildFile; fileRef = 6C4828A584CB63941DB2B340 /* RecentTransactionRowView.swift */; };
		61BD36C9C93481E76D382788 /* RemoteModels.swift in Sources */ = {isa = PBXBuildFile; fileRef = FBEF9CB7C3F8282F5494D68C /* RemoteModels.swift */; };
		637AF6F47E07D98CD885F7A0 /* LoginView.swift in Sources */ = {isa = PBXBuildFile; fileRef = 8A8D7C799F421AAC8521FFC5 /* LoginView.swift */; };
		647966E3F1A0BEB199331DFE /* AddEditRecurringView.swift in Sources */ = {isa = PBXBuildFile; fileRef = 5EDE77DAD013F9FF642A9C26 /* AddEditRecurringView.swift */; };
		75AF65FC88DE13A2B23AACA1 /* Color+Hex.swift in Sources */ = {isa = PBXBuildFile; fileRef = A1C7C65870795A95A26C83C0 /* Color+Hex.swift */; };
		77E61E94AFC70DE5D2AA5E45 /* TransactionService.swift in Sources */ = {isa = PBXBuildFile; fileRef = 7B647D38742EC2C9E4A02C53 /* TransactionService.swift */; };
		856B01A3584354A4DE54D6F2 /* BudgetProgressView.swift in Sources */ = {isa = PBXBuildFile; fileRef = B66A6E140BBAF8A26C05F8ED /* BudgetProgressView.swift */; };
		85B6F719BBABA3667E0AC6D5 /* Personal_FinanceTests.swift in Sources */ = {isa = PBXBuildFile; fileRef = 20FAE4E8373F658692BB0ECC /* Personal_FinanceTests.swift */; };
		87E9B4F5CFF2F5D26AE73A97 /* SupabaseService.swift in Sources */ = {isa = PBXBuildFile; fileRef = D3B8DACBFE33247F97EFB101 /* SupabaseService.swift */; };
		8AE3276F52C816B84A088259 /* DashboardView.swift in Sources */ = {isa = PBXBuildFile; fileRef = F0B21F3082C1E8BF4888F6A9 /* DashboardView.swift */; };
		8D3FA27F135130DF9FF24E65 /* AuthViewModel.swift in Sources */ = {isa = PBXBuildFile; fileRef = 4E4B584112C1B9A009F249D6 /* AuthViewModel.swift */; };
		8D641866A51127E57C6C4D54 /* MoreView.swift in Sources */ = {isa = PBXBuildFile; fileRef = 5C7F797711FF67789CB01E16 /* MoreView.swift */; };
		8E2C1822B0B784A4399A7838 /* SavingGoalService.swift in Sources */ = {isa = PBXBuildFile; fileRef = 79C34285F2EFAECDAD015EFB /* SavingGoalService.swift */; };
		A0930DDD42F16BEF22B53F2E /* AddEditWalletView.swift in Sources */ = {isa = PBXBuildFile; fileRef = AC60791EF2D1D550AE111223 /* AddEditWalletView.swift */; };
		A60BFED72DD138A98096A848 /* TransactionsView.swift in Sources */ = {isa = PBXBuildFile; fileRef = 7A87D61DA3670C98CAAFA441 /* TransactionsView.swift */; };
		A95E97C8AC2ADC29B3FE48B0 /* Supabase in Frameworks */ = {isa = PBXBuildFile; productRef = DB04871FCADE838D2A8E52FF /* Supabase */; };
		B10000000000000000000001 /* DashboardMetrics.swift in Sources */ = {isa = PBXBuildFile; fileRef = A10000000000000000000001 /* DashboardMetrics.swift */; };
		B10000000000000000000002 /* DashboardOverviewCard.swift in Sources */ = {isa = PBXBuildFile; fileRef = A10000000000000000000002 /* DashboardOverviewCard.swift */; };
		B10000000000000000000003 /* DashboardNetWorthCard.swift in Sources */ = {isa = PBXBuildFile; fileRef = A10000000000000000000003 /* DashboardNetWorthCard.swift */; };
		B10000000000000000000004 /* DashboardAlertsCard.swift in Sources */ = {isa = PBXBuildFile; fileRef = A10000000000000000000004 /* DashboardAlertsCard.swift */; };
		B10000000000000000000005 /* DashboardRecentTransactionsSection.swift in Sources */ = {isa = PBXBuildFile; fileRef = A10000000000000000000005 /* DashboardRecentTransactionsSection.swift */; };
		B10000000000000000000006 /* DashboardContentView.swift in Sources */ = {isa = PBXBuildFile; fileRef = A10000000000000000000006 /* DashboardContentView.swift */; };
		B20000000000000000000001 /* WalletDetailView.swift in Sources */ = {isa = PBXBuildFile; fileRef = A20000000000000000000001 /* WalletDetailView.swift */; };
		B30000000000000000000001 /* DebtDetailView.swift in Sources */ = {isa = PBXBuildFile; fileRef = A30000000000000000000001 /* DebtDetailView.swift */; };
		B40000000000000000000001 /* DetailInfoRow.swift in Sources */ = {isa = PBXBuildFile; fileRef = A40000000000000000000001 /* DetailInfoRow.swift */; };
		B40000000000000000000002 /* DebtPaymentHistoryViewModel.swift in Sources */ = {isa = PBXBuildFile; fileRef = A40000000000000000000002 /* DebtPaymentHistoryViewModel.swift */; };
		B40000000000000000000003 /* DebtDetailHeader.swift in Sources */ = {isa = PBXBuildFile; fileRef = A40000000000000000000003 /* DebtDetailHeader.swift */; };
		B40000000000000000000004 /* DebtDetailActionsSection.swift in Sources */ = {isa = PBXBuildFile; fileRef = A40000000000000000000004 /* DebtDetailActionsSection.swift */; };
		B40000000000000000000005 /* DebtInformationSection.swift in Sources */ = {isa = PBXBuildFile; fileRef = A40000000000000000000005 /* DebtInformationSection.swift */; };
		B40000000000000000000006 /* DebtPaymentHistorySection.swift in Sources */ = {isa = PBXBuildFile; fileRef = A40000000000000000000006 /* DebtPaymentHistorySection.swift */; };
		B40000000000000000000007 /* DebtFilterType.swift in Sources */ = {isa = PBXBuildFile; fileRef = A40000000000000000000007 /* DebtFilterType.swift */; };
		B40000000000000000000008 /* DebtPaymentSheet.swift in Sources */ = {isa = PBXBuildFile; fileRef = A40000000000000000000008 /* DebtPaymentSheet.swift */; };
		B40000000000000000000009 /* DebtAdditionSheet.swift in Sources */ = {isa = PBXBuildFile; fileRef = A40000000000000000000009 /* DebtAdditionSheet.swift */; };
		B4000000000000000000000A /* DebtsContentView.swift in Sources */ = {isa = PBXBuildFile; fileRef = A4000000000000000000000A /* DebtsContentView.swift */; };
		B4000000000000000000000B /* DebtRow.swift in Sources */ = {isa = PBXBuildFile; fileRef = A4000000000000000000000B /* DebtRow.swift */; };
		B4000000000000000000000C /* DebtAmountEntrySection.swift in Sources */ = {isa = PBXBuildFile; fileRef = A4000000000000000000000C /* DebtAmountEntrySection.swift */; };
		B50000000000000000000001 /* WalletDetailMetrics.swift in Sources */ = {isa = PBXBuildFile; fileRef = A50000000000000000000001 /* WalletDetailMetrics.swift */; };
		B50000000000000000000002 /* WalletDetailHeader.swift in Sources */ = {isa = PBXBuildFile; fileRef = A50000000000000000000002 /* WalletDetailHeader.swift */; };
		B50000000000000000000003 /* WalletCashFlowSection.swift in Sources */ = {isa = PBXBuildFile; fileRef = A50000000000000000000003 /* WalletCashFlowSection.swift */; };
		B50000000000000000000004 /* WalletInformationSection.swift in Sources */ = {isa = PBXBuildFile; fileRef = A50000000000000000000004 /* WalletInformationSection.swift */; };
		B50000000000000000000005 /* WalletTransactionsSection.swift in Sources */ = {isa = PBXBuildFile; fileRef = A50000000000000000000005 /* WalletTransactionsSection.swift */; };
		B50000000000000000000006 /* WalletListMetrics.swift in Sources */ = {isa = PBXBuildFile; fileRef = A50000000000000000000006 /* WalletListMetrics.swift */; };
		B50000000000000000000007 /* CreditPaymentSheet.swift in Sources */ = {isa = PBXBuildFile; fileRef = A50000000000000000000007 /* CreditPaymentSheet.swift */; };
		B50000000000000000000008 /* WalletsContentView.swift in Sources */ = {isa = PBXBuildFile; fileRef = A50000000000000000000008 /* WalletsContentView.swift */; };
		B50000000000000000000009 /* WalletSummaryCard.swift in Sources */ = {isa = PBXBuildFile; fileRef = A50000000000000000000009 /* WalletSummaryCard.swift */; };
		B5000000000000000000000A /* WalletRow.swift in Sources */ = {isa = PBXBuildFile; fileRef = A5000000000000000000000A /* WalletRow.swift */; };
		B60000000000000000000001 /* DeleteConfirmationModifier.swift in Sources */ = {isa = PBXBuildFile; fileRef = A60000000000000000000001 /* DeleteConfirmationModifier.swift */; };
		B60000000000000000000002 /* CurrencyAmountField.swift in Sources */ = {isa = PBXBuildFile; fileRef = A60000000000000000000002 /* CurrencyAmountField.swift */; };
		B70000000000000000000001 /* ReportPeriod.swift in Sources */ = {isa = PBXBuildFile; fileRef = A70000000000000000000001 /* ReportPeriod.swift */; };
		B70000000000000000000002 /* ReportMetrics.swift in Sources */ = {isa = PBXBuildFile; fileRef = A70000000000000000000002 /* ReportMetrics.swift */; };
		B70000000000000000000011 /* ReportsContentView.swift in Sources */ = {isa = PBXBuildFile; fileRef = A70000000000000000000011 /* ReportsContentView.swift */; };
		B70000000000000000000012 /* ReportPeriodSelectorView.swift in Sources */ = {isa = PBXBuildFile; fileRef = A70000000000000000000012 /* ReportPeriodSelectorView.swift */; };
		B70000000000000000000013 /* ReportDateNavigatorView.swift in Sources */ = {isa = PBXBuildFile; fileRef = A70000000000000000000013 /* ReportDateNavigatorView.swift */; };
		B70000000000000000000014 /* ReportCashFlowCard.swift in Sources */ = {isa = PBXBuildFile; fileRef = A70000000000000000000014 /* ReportCashFlowCard.swift */; };
		B70000000000000000000015 /* ReportNetWorthCard.swift in Sources */ = {isa = PBXBuildFile; fileRef = A70000000000000000000015 /* ReportNetWorthCard.swift */; };
		B70000000000000000000016 /* ReportIncomeExpenseChartCard.swift in Sources */ = {isa = PBXBuildFile; fileRef = A70000000000000000000016 /* ReportIncomeExpenseChartCard.swift */; };
		B70000000000000000000017 /* ReportSpendingBreakdownCard.swift in Sources */ = {isa = PBXBuildFile; fileRef = A70000000000000000000017 /* ReportSpendingBreakdownCard.swift */; };
		B756B91DD5B5C919A73C7FC3 /* Personal_FinanceUITestsLaunchTests.swift in Sources */ = {isa = PBXBuildFile; fileRef = 666D2A4AB32A151A3F676DFF /* Personal_FinanceUITestsLaunchTests.swift */; };
		B81443CC4FBA1C51D411EBBD /* LocalModels.swift in Sources */ = {isa = PBXBuildFile; fileRef = 9B39FCE8E8A6D1B42D20A353 /* LocalModels.swift */; };
		BB036A2778F844F392B439CB /* BalanceCardView.swift in Sources */ = {isa = PBXBuildFile; fileRef = 897E4AE88520EB6ACA8A2039 /* BalanceCardView.swift */; };
		C12AF5518215280AD3D9E112 /* ReportsView.swift in Sources */ = {isa = PBXBuildFile; fileRef = 3E2EBE416517D05AA67D5ED9 /* ReportsView.swift */; };
		C1D2E3F4A5B6001122334455 /* TransferService.swift in Sources */ = {isa = PBXBuildFile; fileRef = C1D2E3F4A5B6001166778899 /* TransferService.swift */; };
		C3AF285594382F775B2A9C6F /* AddEditSavingGoalView.swift in Sources */ = {isa = PBXBuildFile; fileRef = 4EB14E51ECFDED383E416C6B /* AddEditSavingGoalView.swift */; };
		C527370E4FD6FACE8D5E72FC /* TransactionHeaderSection.swift in Sources */ = {isa = PBXBuildFile; fileRef = 65762D13C560E5F27E7C7A6E /* TransactionHeaderSection.swift */; };
		C6783596677CAD441B221743 /* EmojiPickerButton.swift in Sources */ = {isa = PBXBuildFile; fileRef = F08552D689DD42D4F365A815 /* EmojiPickerButton.swift */; };
		C8B128142F8645C0615782C2 /* SpendingChartView.swift in Sources */ = {isa = PBXBuildFile; fileRef = 912990C2BEDF8C13F54D92D8 /* SpendingChartView.swift */; };
		CA2DFA5FC50279A2E37C68C8 /* WeekSelectorView.swift in Sources */ = {isa = PBXBuildFile; fileRef = 54842597863F6CF3E47F7916 /* WeekSelectorView.swift */; };
		D2E3F4A5B6C7001122334455 /* TransferSheet.swift in Sources */ = {isa = PBXBuildFile; fileRef = D2E3F4A5B6C7001166778899 /* TransferSheet.swift */; };
		DA89449191F3C74D05B89FC0 /* Double+Currency.swift in Sources */ = {isa = PBXBuildFile; fileRef = 372B7BE7C7BC974EF1F4D121 /* Double+Currency.swift */; };
		DC9A29DA4776343E78343F0E /* MainTabView.swift in Sources */ = {isa = PBXBuildFile; fileRef = F82C1E1CD7A407D1FF7872DC /* MainTabView.swift */; };
		E70000000000000000000001 /* SettingsProfileHeader.swift in Sources */ = {isa = PBXBuildFile; fileRef = C70000000000000000000001 /* SettingsProfileHeader.swift */; };
		E70000000000000000000002 /* SettingsRow.swift in Sources */ = {isa = PBXBuildFile; fileRef = C70000000000000000000002 /* SettingsRow.swift */; };
		E70000000000000000000003 /* AvatarView.swift in Sources */ = {isa = PBXBuildFile; fileRef = C70000000000000000000003 /* AvatarView.swift */; };
		E70000000000000000000004 /* TextFieldKeyboardType.swift in Sources */ = {isa = PBXBuildFile; fileRef = C70000000000000000000004 /* TextFieldKeyboardType.swift */; };
		E70000000000000000000005 /* EditFieldSheet.swift in Sources */ = {isa = PBXBuildFile; fileRef = C70000000000000000000005 /* EditFieldSheet.swift */; };
		E70000000000000000000006 /* ChangePasswordSheet.swift in Sources */ = {isa = PBXBuildFile; fileRef = C70000000000000000000006 /* ChangePasswordSheet.swift */; };
		E80000000000000000000001 /* TransactionTypeAmountSection.swift in Sources */ = {isa = PBXBuildFile; fileRef = D80000000000000000000001 /* TransactionTypeAmountSection.swift */; };
		E80000000000000000000002 /* TransactionDetailsSection.swift in Sources */ = {isa = PBXBuildFile; fileRef = D80000000000000000000002 /* TransactionDetailsSection.swift */; };
		E80000000000000000000003 /* TransactionCategoryPickerSheet.swift in Sources */ = {isa = PBXBuildFile; fileRef = D80000000000000000000003 /* TransactionCategoryPickerSheet.swift */; };
		E80000000000000000000004 /* TransactionWalletPickerSheet.swift in Sources */ = {isa = PBXBuildFile; fileRef = D80000000000000000000004 /* TransactionWalletPickerSheet.swift */; };
		E80000000000000000000005 /* TransactionDateRange.swift in Sources */ = {isa = PBXBuildFile; fileRef = D80000000000000000000005 /* TransactionDateRange.swift */; };
		E80000000000000000000006 /* TransactionGroupingCalculator.swift in Sources */ = {isa = PBXBuildFile; fileRef = D80000000000000000000006 /* TransactionGroupingCalculator.swift */; };
		E80000000000000000000007 /* TransactionPeriodTotals.swift in Sources */ = {isa = PBXBuildFile; fileRef = D80000000000000000000007 /* TransactionPeriodTotals.swift */; };
		ECC8D8F1E3801E9D308783EA /* SyncManager.swift in Sources */ = {isa = PBXBuildFile; fileRef = 78C0240555C6E44D0B6915A8 /* SyncManager.swift */; };
		EDC0D64757240DCC0B20DC40 /* WalletsView.swift in Sources */ = {isa = PBXBuildFile; fileRef = 2FE88AAE276CC435181621D2 /* WalletsView.swift */; };
		EDDFD094055B03BCB632830D /* BudgetService.swift in Sources */ = {isa = PBXBuildFile; fileRef = DA9C83680068144B3C599DAA /* BudgetService.swift */; };
		F0E57EBC59406BFBC97F1F77 /* TxStatBox.swift in Sources */ = {isa = PBXBuildFile; fileRef = B47B838501FF58C95933C484 /* TxStatBox.swift */; };
		F56CD755F0BA18B2D542338B /* TransactionListSection.swift in Sources */ = {isa = PBXBuildFile; fileRef = ABB934DBDF281BE433486469 /* TransactionListSection.swift */; };
		F6097AD3B5064DF083E8265A /* View+Helpers.swift in Sources */ = {isa = PBXBuildFile; fileRef = E36263D7531F4F4D9D014689 /* View+Helpers.swift */; };
		F90100000000000000000001 /* LocalDataStore.swift in Sources */ = {isa = PBXBuildFile; fileRef = F90000000000000000000001 /* LocalDataStore.swift */; };
		FB0000000000000000000001 /* TransactionFilter.swift in Sources */ = {isa = PBXBuildFile; fileRef = FA0000000000000000000001 /* TransactionFilter.swift */; };
		FB0000000000000000000002 /* TransactionFilterSection.swift in Sources */ = {isa = PBXBuildFile; fileRef = FA0000000000000000000002 /* TransactionFilterSection.swift */; };
		FD0000000000000000000001 /* AppScreenHeaderModifier.swift in Sources */ = {isa = PBXBuildFile; fileRef = FC0000000000000000000001 /* AppScreenHeaderModifier.swift */; };
		FE14BEC58064B835B663B138 /* Personal_FinanceApp.swift in Sources */ = {isa = PBXBuildFile; fileRef = AB43EDEAB7559804CA8B7BEA /* Personal_FinanceApp.swift */; };
		D61A0000000000000000001A /* AppNotification.swift in Sources */ = {isa = PBXBuildFile; fileRef = C61A0000000000000000001A /* AppNotification.swift */; };
		D61A0000000000000000002A /* NotificationService.swift in Sources */ = {isa = PBXBuildFile; fileRef = C61A0000000000000000002A /* NotificationService.swift */; };
		D61A0000000000000000003A /* NotificationViewModel.swift in Sources */ = {isa = PBXBuildFile; fileRef = C61A0000000000000000003A /* NotificationViewModel.swift */; };
		D61A0000000000000000004A /* NotificationsSheet.swift in Sources */ = {isa = PBXBuildFile; fileRef = C61A0000000000000000004A /* NotificationsSheet.swift */; };
		D61A0000000000000000005A /* AppTabRouter.swift in Sources */ = {isa = PBXBuildFile; fileRef = C61A0000000000000000005A /* AppTabRouter.swift */; };
/* End PBXBuildFile section */

/* Begin PBXContainerItemProxy section */
		49EA61867109A51F58E968A8 /* PBXContainerItemProxy */ = {
			isa = PBXContainerItemProxy;
			containerPortal = C66A5173E5CAF2FBD7C8460C /* Project object */;
			proxyType = 1;
			remoteGlobalIDString = B730F9A298B04726F1FC40C9;
			remoteInfo = "Personal Finance";
		};
		BDE0E7C64984DD8285D4361B /* PBXContainerItemProxy */ = {
			isa = PBXContainerItemProxy;
			containerPortal = C66A5173E5CAF2FBD7C8460C /* Project object */;
			proxyType = 1;
			remoteGlobalIDString = B730F9A298B04726F1FC40C9;
			remoteInfo = "Personal Finance";
		};
/* End PBXContainerItemProxy section */

/* Begin PBXFileReference section */
		0003CC3E2DD2C23136CD5DF6 /* TransactionPaginationSection.swift */ = {isa = PBXFileReference; includeInIndex = 1; lastKnownFileType = sourcecode.swift; path = TransactionPaginationSection.swift; sourceTree = "<group>"; };
		0121FE993DAE0AD28005418E /* RootView.swift */ = {isa = PBXFileReference; lastKnownFileType = sourcecode.swift; path = RootView.swift; sourceTree = "<group>"; };
		06AD3FC8ECF4136D90326F37 /* MonthCalendarView.swift */ = {isa = PBXFileReference; includeInIndex = 1; lastKnownFileType = sourcecode.swift; path = MonthCalendarView.swift; sourceTree = "<group>"; };
		0C2F54E084ABB427FCF1ABCD /* My FinanceUITests.xctest */ = {isa = PBXFileReference; explicitFileType = wrapper.cfbundle; includeInIndex = 0; path = "My FinanceUITests.xctest"; sourceTree = BUILT_PRODUCTS_DIR; };
		0EEF878BC087FB60122FF4A0 /* AddEditBudgetView.swift */ = {isa = PBXFileReference; lastKnownFileType = sourcecode.swift; path = AddEditBudgetView.swift; sourceTree = "<group>"; };
		20FAE4E8373F658692BB0ECC /* Personal_FinanceTests.swift */ = {isa = PBXFileReference; lastKnownFileType = sourcecode.swift; path = Personal_FinanceTests.swift; sourceTree = "<group>"; };
		2150573043CA45CB8F2F1630 /* StatusBadge.swift */ = {isa = PBXFileReference; lastKnownFileType = sourcecode.swift; path = StatusBadge.swift; sourceTree = "<group>"; };
		25AF386E7E70A9823F6CE397 /* TransactionRow.swift */ = {isa = PBXFileReference; includeInIndex = 1; lastKnownFileType = sourcecode.swift; path = TransactionRow.swift; sourceTree = "<group>"; };
		2FE88AAE276CC435181621D2 /* WalletsView.swift */ = {isa = PBXFileReference; lastKnownFileType = sourcecode.swift; path = WalletsView.swift; sourceTree = "<group>"; };
		3280C3D1E846A5A3C208B4DB /* My Finance.app */ = {isa = PBXFileReference; explicitFileType = wrapper.application; includeInIndex = 0; path = "My Finance.app"; sourceTree = BUILT_PRODUCTS_DIR; };
		372B7BE7C7BC974EF1F4D121 /* Double+Currency.swift */ = {isa = PBXFileReference; lastKnownFileType = sourcecode.swift; path = "Double+Currency.swift"; sourceTree = "<group>"; };
		3DD37B1A57723D6589BFC487 /* SavingGoalsView.swift */ = {isa = PBXFileReference; lastKnownFileType = sourcecode.swift; path = SavingGoalsView.swift; sourceTree = "<group>"; };
		3E2EBE416517D05AA67D5ED9 /* ReportsView.swift */ = {isa = PBXFileReference; lastKnownFileType = sourcecode.swift; path = ReportsView.swift; sourceTree = "<group>"; };
		3E970C7990445F773EA68DB0 /* RecurringService.swift */ = {isa = PBXFileReference; lastKnownFileType = sourcecode.swift; path = RecurringService.swift; sourceTree = "<group>"; };
		47DB579F2EC9BFB1F8445486 /* Assets.xcassets */ = {isa = PBXFileReference; lastKnownFileType = folder.assetcatalog; path = Assets.xcassets; sourceTree = "<group>"; };
		4C18ED1919F0D6A302F10ED5 /* AddEditTransactionView.swift */ = {isa = PBXFileReference; lastKnownFileType = sourcecode.swift; path = AddEditTransactionView.swift; sourceTree = "<group>"; };
		4E4B584112C1B9A009F249D6 /* AuthViewModel.swift */ = {isa = PBXFileReference; lastKnownFileType = sourcecode.swift; path = AuthViewModel.swift; sourceTree = "<group>"; };
		4EB14E51ECFDED383E416C6B /* AddEditSavingGoalView.swift */ = {isa = PBXFileReference; lastKnownFileType = sourcecode.swift; path = AddEditSavingGoalView.swift; sourceTree = "<group>"; };
		54842597863F6CF3E47F7916 /* WeekSelectorView.swift */ = {isa = PBXFileReference; includeInIndex = 1; lastKnownFileType = sourcecode.swift; path = WeekSelectorView.swift; sourceTree = "<group>"; };
		5990C03C2F82819D1CFBCFE6 /* CategoryService.swift */ = {isa = PBXFileReference; lastKnownFileType = sourcecode.swift; path = CategoryService.swift; sourceTree = "<group>"; };
		5C7F797711FF67789CB01E16 /* MoreView.swift */ = {isa = PBXFileReference; lastKnownFileType = sourcecode.swift; path = MoreView.swift; sourceTree = "<group>"; };
		5DEC3E5D139DA0AE1D39EA12 /* DebtService.swift */ = {isa = PBXFileReference; lastKnownFileType = sourcecode.swift; path = DebtService.swift; sourceTree = "<group>"; };
		5DECE608EB80E21A40E7431C /* MonthSelectorView.swift */ = {isa = PBXFileReference; lastKnownFileType = sourcecode.swift; path = MonthSelectorView.swift; sourceTree = "<group>"; };
		5EDE77DAD013F9FF642A9C26 /* AddEditRecurringView.swift */ = {isa = PBXFileReference; lastKnownFileType = sourcecode.swift; path = AddEditRecurringView.swift; sourceTree = "<group>"; };
		62514F436416338A82625D20 /* AppConfig.swift */ = {isa = PBXFileReference; lastKnownFileType = sourcecode.swift; path = AppConfig.swift; sourceTree = "<group>"; };
		65762D13C560E5F27E7C7A6E /* TransactionHeaderSection.swift */ = {isa = PBXFileReference; includeInIndex = 1; lastKnownFileType = sourcecode.swift; path = TransactionHeaderSection.swift; sourceTree = "<group>"; };
		666D2A4AB32A151A3F676DFF /* Personal_FinanceUITestsLaunchTests.swift */ = {isa = PBXFileReference; lastKnownFileType = sourcecode.swift; path = Personal_FinanceUITestsLaunchTests.swift; sourceTree = "<group>"; };
		66976D0D1557A6ADFDEF5959 /* SettingsView.swift */ = {isa = PBXFileReference; lastKnownFileType = sourcecode.swift; path = SettingsView.swift; sourceTree = "<group>"; };
		6C2A488F662A057107B8E9D1 /* My FinanceTests.xctest */ = {isa = PBXFileReference; explicitFileType = wrapper.cfbundle; includeInIndex = 0; path = "My FinanceTests.xctest"; sourceTree = BUILT_PRODUCTS_DIR; };
		6C4828A584CB63941DB2B340 /* RecentTransactionRowView.swift */ = {isa = PBXFileReference; lastKnownFileType = sourcecode.swift; path = RecentTransactionRowView.swift; sourceTree = "<group>"; };
		78C0240555C6E44D0B6915A8 /* SyncManager.swift */ = {isa = PBXFileReference; lastKnownFileType = sourcecode.swift; path = SyncManager.swift; sourceTree = "<group>"; };
		79C34285F2EFAECDAD015EFB /* SavingGoalService.swift */ = {isa = PBXFileReference; lastKnownFileType = sourcecode.swift; path = SavingGoalService.swift; sourceTree = "<group>"; };
		7A87D61DA3670C98CAAFA441 /* TransactionsView.swift */ = {isa = PBXFileReference; lastKnownFileType = sourcecode.swift; path = TransactionsView.swift; sourceTree = "<group>"; };
		7B647D38742EC2C9E4A02C53 /* TransactionService.swift */ = {isa = PBXFileReference; lastKnownFileType = sourcecode.swift; path = TransactionService.swift; sourceTree = "<group>"; };
		884780EA4AE35DC8EB47FA06 /* SkeletonView.swift */ = {isa = PBXFileReference; lastKnownFileType = sourcecode.swift; path = SkeletonView.swift; sourceTree = "<group>"; };
		897E4AE88520EB6ACA8A2039 /* BalanceCardView.swift */ = {isa = PBXFileReference; lastKnownFileType = sourcecode.swift; path = BalanceCardView.swift; sourceTree = "<group>"; };
		8A8D7C799F421AAC8521FFC5 /* LoginView.swift */ = {isa = PBXFileReference; lastKnownFileType = sourcecode.swift; path = LoginView.swift; sourceTree = "<group>"; };
		912990C2BEDF8C13F54D92D8 /* SpendingChartView.swift */ = {isa = PBXFileReference; lastKnownFileType = sourcecode.swift; path = SpendingChartView.swift; sourceTree = "<group>"; };
		9238C7CBB53065A2814836A2 /* DebtsView.swift */ = {isa = PBXFileReference; lastKnownFileType = sourcecode.swift; path = DebtsView.swift; sourceTree = "<group>"; };
		9A4A62405B4621BE6FDD10B5 /* Secrets.xcconfig */ = {isa = PBXFileReference; lastKnownFileType = text.xcconfig; path = Secrets.xcconfig; sourceTree = "<group>"; };
		9B39FCE8E8A6D1B42D20A353 /* LocalModels.swift */ = {isa = PBXFileReference; lastKnownFileType = sourcecode.swift; path = LocalModels.swift; sourceTree = "<group>"; };
		A10000000000000000000001 /* DashboardMetrics.swift */ = {isa = PBXFileReference; lastKnownFileType = sourcecode.swift; path = DashboardMetrics.swift; sourceTree = "<group>"; };
		A10000000000000000000002 /* DashboardOverviewCard.swift */ = {isa = PBXFileReference; lastKnownFileType = sourcecode.swift; path = DashboardOverviewCard.swift; sourceTree = "<group>"; };
		A10000000000000000000003 /* DashboardNetWorthCard.swift */ = {isa = PBXFileReference; lastKnownFileType = sourcecode.swift; path = DashboardNetWorthCard.swift; sourceTree = "<group>"; };
		A10000000000000000000004 /* DashboardAlertsCard.swift */ = {isa = PBXFileReference; lastKnownFileType = sourcecode.swift; path = DashboardAlertsCard.swift; sourceTree = "<group>"; };
		A10000000000000000000005 /* DashboardRecentTransactionsSection.swift */ = {isa = PBXFileReference; lastKnownFileType = sourcecode.swift; path = DashboardRecentTransactionsSection.swift; sourceTree = "<group>"; };
		A10000000000000000000006 /* DashboardContentView.swift */ = {isa = PBXFileReference; lastKnownFileType = sourcecode.swift; path = DashboardContentView.swift; sourceTree = "<group>"; };
		A1C7C65870795A95A26C83C0 /* Color+Hex.swift */ = {isa = PBXFileReference; lastKnownFileType = sourcecode.swift; path = "Color+Hex.swift"; sourceTree = "<group>"; };
		A20000000000000000000001 /* WalletDetailView.swift */ = {isa = PBXFileReference; lastKnownFileType = sourcecode.swift; path = WalletDetailView.swift; sourceTree = "<group>"; };
		A30000000000000000000001 /* DebtDetailView.swift */ = {isa = PBXFileReference; lastKnownFileType = sourcecode.swift; path = DebtDetailView.swift; sourceTree = "<group>"; };
		A40000000000000000000001 /* DetailInfoRow.swift */ = {isa = PBXFileReference; lastKnownFileType = sourcecode.swift; path = DetailInfoRow.swift; sourceTree = "<group>"; };
		A40000000000000000000002 /* DebtPaymentHistoryViewModel.swift */ = {isa = PBXFileReference; lastKnownFileType = sourcecode.swift; path = DebtPaymentHistoryViewModel.swift; sourceTree = "<group>"; };
		A40000000000000000000003 /* DebtDetailHeader.swift */ = {isa = PBXFileReference; lastKnownFileType = sourcecode.swift; path = DebtDetailHeader.swift; sourceTree = "<group>"; };
		A40000000000000000000004 /* DebtDetailActionsSection.swift */ = {isa = PBXFileReference; lastKnownFileType = sourcecode.swift; path = DebtDetailActionsSection.swift; sourceTree = "<group>"; };
		A40000000000000000000005 /* DebtInformationSection.swift */ = {isa = PBXFileReference; lastKnownFileType = sourcecode.swift; path = DebtInformationSection.swift; sourceTree = "<group>"; };
		A40000000000000000000006 /* DebtPaymentHistorySection.swift */ = {isa = PBXFileReference; lastKnownFileType = sourcecode.swift; path = DebtPaymentHistorySection.swift; sourceTree = "<group>"; };
		A40000000000000000000007 /* DebtFilterType.swift */ = {isa = PBXFileReference; lastKnownFileType = sourcecode.swift; path = DebtFilterType.swift; sourceTree = "<group>"; };
		A40000000000000000000008 /* DebtPaymentSheet.swift */ = {isa = PBXFileReference; lastKnownFileType = sourcecode.swift; path = DebtPaymentSheet.swift; sourceTree = "<group>"; };
		A40000000000000000000009 /* DebtAdditionSheet.swift */ = {isa = PBXFileReference; lastKnownFileType = sourcecode.swift; path = DebtAdditionSheet.swift; sourceTree = "<group>"; };
		A4000000000000000000000A /* DebtsContentView.swift */ = {isa = PBXFileReference; lastKnownFileType = sourcecode.swift; path = DebtsContentView.swift; sourceTree = "<group>"; };
		A4000000000000000000000B /* DebtRow.swift */ = {isa = PBXFileReference; lastKnownFileType = sourcecode.swift; path = DebtRow.swift; sourceTree = "<group>"; };
		A4000000000000000000000C /* DebtAmountEntrySection.swift */ = {isa = PBXFileReference; lastKnownFileType = sourcecode.swift; path = DebtAmountEntrySection.swift; sourceTree = "<group>"; };
		A50000000000000000000001 /* WalletDetailMetrics.swift */ = {isa = PBXFileReference; lastKnownFileType = sourcecode.swift; path = WalletDetailMetrics.swift; sourceTree = "<group>"; };
		A50000000000000000000002 /* WalletDetailHeader.swift */ = {isa = PBXFileReference; lastKnownFileType = sourcecode.swift; path = WalletDetailHeader.swift; sourceTree = "<group>"; };
		A50000000000000000000003 /* WalletCashFlowSection.swift */ = {isa = PBXFileReference; lastKnownFileType = sourcecode.swift; path = WalletCashFlowSection.swift; sourceTree = "<group>"; };
		A50000000000000000000004 /* WalletInformationSection.swift */ = {isa = PBXFileReference; lastKnownFileType = sourcecode.swift; path = WalletInformationSection.swift; sourceTree = "<group>"; };
		A50000000000000000000005 /* WalletTransactionsSection.swift */ = {isa = PBXFileReference; lastKnownFileType = sourcecode.swift; path = WalletTransactionsSection.swift; sourceTree = "<group>"; };
		A50000000000000000000006 /* WalletListMetrics.swift */ = {isa = PBXFileReference; lastKnownFileType = sourcecode.swift; path = WalletListMetrics.swift; sourceTree = "<group>"; };
		A50000000000000000000007 /* CreditPaymentSheet.swift */ = {isa = PBXFileReference; lastKnownFileType = sourcecode.swift; path = CreditPaymentSheet.swift; sourceTree = "<group>"; };
		A50000000000000000000008 /* WalletsContentView.swift */ = {isa = PBXFileReference; lastKnownFileType = sourcecode.swift; path = WalletsContentView.swift; sourceTree = "<group>"; };
		A50000000000000000000009 /* WalletSummaryCard.swift */ = {isa = PBXFileReference; lastKnownFileType = sourcecode.swift; path = WalletSummaryCard.swift; sourceTree = "<group>"; };
		A5000000000000000000000A /* WalletRow.swift */ = {isa = PBXFileReference; lastKnownFileType = sourcecode.swift; path = WalletRow.swift; sourceTree = "<group>"; };
		A60000000000000000000001 /* DeleteConfirmationModifier.swift */ = {isa = PBXFileReference; lastKnownFileType = sourcecode.swift; path = DeleteConfirmationModifier.swift; sourceTree = "<group>"; };
		A60000000000000000000002 /* CurrencyAmountField.swift */ = {isa = PBXFileReference; lastKnownFileType = sourcecode.swift; path = CurrencyAmountField.swift; sourceTree = "<group>"; };
		A70000000000000000000001 /* ReportPeriod.swift */ = {isa = PBXFileReference; lastKnownFileType = sourcecode.swift; path = ReportPeriod.swift; sourceTree = "<group>"; };
		A70000000000000000000002 /* ReportMetrics.swift */ = {isa = PBXFileReference; lastKnownFileType = sourcecode.swift; path = ReportMetrics.swift; sourceTree = "<group>"; };
		A70000000000000000000011 /* ReportsContentView.swift */ = {isa = PBXFileReference; lastKnownFileType = sourcecode.swift; path = ReportsContentView.swift; sourceTree = "<group>"; };
		A70000000000000000000012 /* ReportPeriodSelectorView.swift */ = {isa = PBXFileReference; lastKnownFileType = sourcecode.swift; path = ReportPeriodSelectorView.swift; sourceTree = "<group>"; };
		A70000000000000000000013 /* ReportDateNavigatorView.swift */ = {isa = PBXFileReference; lastKnownFileType = sourcecode.swift; path = ReportDateNavigatorView.swift; sourceTree = "<group>"; };
		A70000000000000000000014 /* ReportCashFlowCard.swift */ = {isa = PBXFileReference; lastKnownFileType = sourcecode.swift; path = ReportCashFlowCard.swift; sourceTree = "<group>"; };
		A70000000000000000000015 /* ReportNetWorthCard.swift */ = {isa = PBXFileReference; lastKnownFileType = sourcecode.swift; path = ReportNetWorthCard.swift; sourceTree = "<group>"; };
		A70000000000000000000016 /* ReportIncomeExpenseChartCard.swift */ = {isa = PBXFileReference; lastKnownFileType = sourcecode.swift; path = ReportIncomeExpenseChartCard.swift; sourceTree = "<group>"; };
		A70000000000000000000017 /* ReportSpendingBreakdownCard.swift */ = {isa = PBXFileReference; lastKnownFileType = sourcecode.swift; path = ReportSpendingBreakdownCard.swift; sourceTree = "<group>"; };
		AB43EDEAB7559804CA8B7BEA /* Personal_FinanceApp.swift */ = {isa = PBXFileReference; lastKnownFileType = sourcecode.swift; path = Personal_FinanceApp.swift; sourceTree = "<group>"; };
		ABB934DBDF281BE433486469 /* TransactionListSection.swift */ = {isa = PBXFileReference; includeInIndex = 1; lastKnownFileType = sourcecode.swift; path = TransactionListSection.swift; sourceTree = "<group>"; };
		AC60791EF2D1D550AE111223 /* AddEditWalletView.swift */ = {isa = PBXFileReference; lastKnownFileType = sourcecode.swift; path = AddEditWalletView.swift; sourceTree = "<group>"; };
		AD9922F16B934293A75D0A00 /* TransactionViewModel.swift */ = {isa = PBXFileReference; includeInIndex = 1; lastKnownFileType = sourcecode.swift; path = TransactionViewModel.swift; sourceTree = "<group>"; };
		B47B838501FF58C95933C484 /* TxStatBox.swift */ = {isa = PBXFileReference; includeInIndex = 1; lastKnownFileType = sourcecode.swift; path = TxStatBox.swift; sourceTree = "<group>"; };
		B66A6E140BBAF8A26C05F8ED /* BudgetProgressView.swift */ = {isa = PBXFileReference; lastKnownFileType = sourcecode.swift; path = BudgetProgressView.swift; sourceTree = "<group>"; };
		BA4A10BA445886ED82719B71 /* AddEditDebtView.swift */ = {isa = PBXFileReference; lastKnownFileType = sourcecode.swift; path = AddEditDebtView.swift; sourceTree = "<group>"; };
		BAB44E9E5CA4D415B1A8D0A1 /* Personal_FinanceUITests.swift */ = {isa = PBXFileReference; lastKnownFileType = sourcecode.swift; path = Personal_FinanceUITests.swift; sourceTree = "<group>"; };
		BD880D4AEBFEEA72177182C0 /* BudgetsView.swift */ = {isa = PBXFileReference; lastKnownFileType = sourcecode.swift; path = BudgetsView.swift; sourceTree = "<group>"; };
		C1D2E3F4A5B6001166778899 /* TransferService.swift */ = {isa = PBXFileReference; lastKnownFileType = sourcecode.swift; path = TransferService.swift; sourceTree = "<group>"; };
		C70000000000000000000001 /* SettingsProfileHeader.swift */ = {isa = PBXFileReference; lastKnownFileType = sourcecode.swift; path = SettingsProfileHeader.swift; sourceTree = "<group>"; };
		C70000000000000000000002 /* SettingsRow.swift */ = {isa = PBXFileReference; lastKnownFileType = sourcecode.swift; path = SettingsRow.swift; sourceTree = "<group>"; };
		C70000000000000000000003 /* AvatarView.swift */ = {isa = PBXFileReference; lastKnownFileType = sourcecode.swift; path = AvatarView.swift; sourceTree = "<group>"; };
		C70000000000000000000004 /* TextFieldKeyboardType.swift */ = {isa = PBXFileReference; lastKnownFileType = sourcecode.swift; path = TextFieldKeyboardType.swift; sourceTree = "<group>"; };
		C70000000000000000000005 /* EditFieldSheet.swift */ = {isa = PBXFileReference; lastKnownFileType = sourcecode.swift; path = EditFieldSheet.swift; sourceTree = "<group>"; };
		C70000000000000000000006 /* ChangePasswordSheet.swift */ = {isa = PBXFileReference; lastKnownFileType = sourcecode.swift; path = ChangePasswordSheet.swift; sourceTree = "<group>"; };
		CFF8F30A5B38C1F278683ED9 /* Info.plist */ = {isa = PBXFileReference; lastKnownFileType = text.plist; path = Info.plist; sourceTree = "<group>"; };
		D2E3F4A5B6C7001166778899 /* TransferSheet.swift */ = {isa = PBXFileReference; lastKnownFileType = sourcecode.swift; path = TransferSheet.swift; sourceTree = "<group>"; };
		D3B8DACBFE33247F97EFB101 /* SupabaseService.swift */ = {isa = PBXFileReference; lastKnownFileType = sourcecode.swift; path = SupabaseService.swift; sourceTree = "<group>"; };
		D80000000000000000000001 /* TransactionTypeAmountSection.swift */ = {isa = PBXFileReference; lastKnownFileType = sourcecode.swift; path = TransactionTypeAmountSection.swift; sourceTree = "<group>"; };
		D80000000000000000000002 /* TransactionDetailsSection.swift */ = {isa = PBXFileReference; lastKnownFileType = sourcecode.swift; path = TransactionDetailsSection.swift; sourceTree = "<group>"; };
		D80000000000000000000003 /* TransactionCategoryPickerSheet.swift */ = {isa = PBXFileReference; lastKnownFileType = sourcecode.swift; path = TransactionCategoryPickerSheet.swift; sourceTree = "<group>"; };
		D80000000000000000000004 /* TransactionWalletPickerSheet.swift */ = {isa = PBXFileReference; lastKnownFileType = sourcecode.swift; path = TransactionWalletPickerSheet.swift; sourceTree = "<group>"; };
		D80000000000000000000005 /* TransactionDateRange.swift */ = {isa = PBXFileReference; lastKnownFileType = sourcecode.swift; path = TransactionDateRange.swift; sourceTree = "<group>"; };
		D80000000000000000000006 /* TransactionGroupingCalculator.swift */ = {isa = PBXFileReference; lastKnownFileType = sourcecode.swift; path = TransactionGroupingCalculator.swift; sourceTree = "<group>"; };
		D80000000000000000000007 /* TransactionPeriodTotals.swift */ = {isa = PBXFileReference; lastKnownFileType = sourcecode.swift; path = TransactionPeriodTotals.swift; sourceTree = "<group>"; };
		DA9C83680068144B3C599DAA /* BudgetService.swift */ = {isa = PBXFileReference; lastKnownFileType = sourcecode.swift; path = BudgetService.swift; sourceTree = "<group>"; };
		DB1D06BFC5D226A7083DB0E7 /* CategoriesView.swift */ = {isa = PBXFileReference; lastKnownFileType = sourcecode.swift; path = CategoriesView.swift; sourceTree = "<group>"; };
		E046D095E689988603518CC6 /* WalletService.swift */ = {isa = PBXFileReference; lastKnownFileType = sourcecode.swift; path = WalletService.swift; sourceTree = "<group>"; };
		E36263D7531F4F4D9D014689 /* View+Helpers.swift */ = {isa = PBXFileReference; lastKnownFileType = sourcecode.swift; path = "View+Helpers.swift"; sourceTree = "<group>"; };
		E452F63D30D3F53FE26A1335 /* MonthlyStatView.swift */ = {isa = PBXFileReference; lastKnownFileType = sourcecode.swift; path = MonthlyStatView.swift; sourceTree = "<group>"; };
		E5BF435250E4FBEE93C8039E /* AddEditCategoryView.swift */ = {isa = PBXFileReference; lastKnownFileType = sourcecode.swift; path = AddEditCategoryView.swift; sourceTree = "<group>"; };
		EE6249E108B6EAFEB4AD2C8D /* RecurringView.swift */ = {isa = PBXFileReference; lastKnownFileType = sourcecode.swift; path = RecurringView.swift; sourceTree = "<group>"; };
		F08552D689DD42D4F365A815 /* EmojiPickerButton.swift */ = {isa = PBXFileReference; lastKnownFileType = sourcecode.swift; path = EmojiPickerButton.swift; sourceTree = "<group>"; };
		F0B21F3082C1E8BF4888F6A9 /* DashboardView.swift */ = {isa = PBXFileReference; lastKnownFileType = sourcecode.swift; path = DashboardView.swift; sourceTree = "<group>"; };
		F82C1E1CD7A407D1FF7872DC /* MainTabView.swift */ = {isa = PBXFileReference; lastKnownFileType = sourcecode.swift; path = MainTabView.swift; sourceTree = "<group>"; };
		F90000000000000000000001 /* LocalDataStore.swift */ = {isa = PBXFileReference; lastKnownFileType = sourcecode.swift; path = LocalDataStore.swift; sourceTree = "<group>"; };
		FA0000000000000000000001 /* TransactionFilter.swift */ = {isa = PBXFileReference; lastKnownFileType = sourcecode.swift; path = TransactionFilter.swift; sourceTree = "<group>"; };
		FA0000000000000000000002 /* TransactionFilterSection.swift */ = {isa = PBXFileReference; lastKnownFileType = sourcecode.swift; path = TransactionFilterSection.swift; sourceTree = "<group>"; };
		FC0000000000000000000001 /* AppScreenHeaderModifier.swift */ = {isa = PBXFileReference; lastKnownFileType = sourcecode.swift; path = AppScreenHeaderModifier.swift; sourceTree = "<group>"; };
		FBEF9CB7C3F8282F5494D68C /* RemoteModels.swift */ = {isa = PBXFileReference; lastKnownFileType = sourcecode.swift; path = RemoteModels.swift; sourceTree = "<group>"; };
		C61A0000000000000000001A /* AppNotification.swift */ = {isa = PBXFileReference; lastKnownFileType = sourcecode.swift; path = AppNotification.swift; sourceTree = "<group>"; };
		C61A0000000000000000002A /* NotificationService.swift */ = {isa = PBXFileReference; lastKnownFileType = sourcecode.swift; path = NotificationService.swift; sourceTree = "<group>"; };
		C61A0000000000000000003A /* NotificationViewModel.swift */ = {isa = PBXFileReference; lastKnownFileType = sourcecode.swift; path = NotificationViewModel.swift; sourceTree = "<group>"; };
		C61A0000000000000000004A /* NotificationsSheet.swift */ = {isa = PBXFileReference; lastKnownFileType = sourcecode.swift; path = Notifications/NotificationsSheet.swift; sourceTree = "<group>"; };
		C61A0000000000000000005A /* AppTabRouter.swift */ = {isa = PBXFileReference; lastKnownFileType = sourcecode.swift; path = AppTabRouter.swift; sourceTree = "<group>"; };
/* End PBXFileReference section */

/* Begin PBXFrameworksBuildPhase section */
		A08E0F012248F3DA4B487DA1 /* Frameworks */ = {
			isa = PBXFrameworksBuildPhase;
			buildActionMask = 2147483647;
			files = (
				A95E97C8AC2ADC29B3FE48B0 /* Supabase in Frameworks */,
			);
			runOnlyForDeploymentPostprocessing = 0;
		};
/* End PBXFrameworksBuildPhase section */

/* Begin PBXGroup section */
		0073767C6525E2F2064892F4 /* Dashboard */ = {
			isa = PBXGroup;
			children = (
				F0B21F3082C1E8BF4888F6A9 /* DashboardView.swift */,
				A10000000000000000000001 /* DashboardMetrics.swift */,
				2AE4F22BF17AABF4A66E5599 /* Components */,
			);
			path = Dashboard;
			sourceTree = "<group>";
		};
		009DCA3450159E69E181BE4E /* Personal FinanceUITests */ = {
			isa = PBXGroup;
			children = (
				BAB44E9E5CA4D415B1A8D0A1 /* Personal_FinanceUITests.swift */,
				666D2A4AB32A151A3F676DFF /* Personal_FinanceUITestsLaunchTests.swift */,
			);
			path = "Personal FinanceUITests";
			sourceTree = "<group>";
		};
		0629E81C0E90A7199CB4E653 /* Debts */ = {
			isa = PBXGroup;
			children = (
				BA4A10BA445886ED82719B71 /* AddEditDebtView.swift */,
				C40000000000000000000001 /* Components */,
				A40000000000000000000009 /* DebtAdditionSheet.swift */,
				A30000000000000000000001 /* DebtDetailView.swift */,
				A40000000000000000000007 /* DebtFilterType.swift */,
				A40000000000000000000002 /* DebtPaymentHistoryViewModel.swift */,
				A40000000000000000000008 /* DebtPaymentSheet.swift */,
				9238C7CBB53065A2814836A2 /* DebtsView.swift */,
			);
			path = Debts;
			sourceTree = "<group>";
		};
		073718F8627DF8080EDD24CA = {
			isa = PBXGroup;
			children = (
				F063FA1E7F6DFE14A48C7DDA /* Config */,
				C8A4F01C2025DD520DACDDDE /* Personal Finance */,
				F87DCBF1F57ECE994792066F /* Personal FinanceTests */,
				009DCA3450159E69E181BE4E /* Personal FinanceUITests */,
				441CD387779B75F06034D083 /* Products */,
			);
			sourceTree = "<group>";
		};
		2AE4F22BF17AABF4A66E5599 /* Components */ = {
			isa = PBXGroup;
			children = (
				897E4AE88520EB6ACA8A2039 /* BalanceCardView.swift */,
				B66A6E140BBAF8A26C05F8ED /* BudgetProgressView.swift */,
				A10000000000000000000004 /* DashboardAlertsCard.swift */,
				A10000000000000000000006 /* DashboardContentView.swift */,
				A10000000000000000000003 /* DashboardNetWorthCard.swift */,
				A10000000000000000000002 /* DashboardOverviewCard.swift */,
				A10000000000000000000005 /* DashboardRecentTransactionsSection.swift */,
				E452F63D30D3F53FE26A1335 /* MonthlyStatView.swift */,
				5DECE608EB80E21A40E7431C /* MonthSelectorView.swift */,
				6C4828A584CB63941DB2B340 /* RecentTransactionRowView.swift */,
				912990C2BEDF8C13F54D92D8 /* SpendingChartView.swift */,
			);
			path = Components;
			sourceTree = "<group>";
		};
		31CF033F8D8F70C2F774EE97 /* SavingGoals */ = {
			isa = PBXGroup;
			children = (
				4EB14E51ECFDED383E416C6B /* AddEditSavingGoalView.swift */,
				3DD37B1A57723D6589BFC487 /* SavingGoalsView.swift */,
			);
			path = SavingGoals;
			sourceTree = "<group>";
		};
		34DF41BEB7DCAE944FFDCD1C /* Components */ = {
			isa = PBXGroup;
			children = (
				FC0000000000000000000001 /* AppScreenHeaderModifier.swift */,
				A60000000000000000000002 /* CurrencyAmountField.swift */,
				A60000000000000000000001 /* DeleteConfirmationModifier.swift */,
				A40000000000000000000001 /* DetailInfoRow.swift */,
				F08552D689DD42D4F365A815 /* EmojiPickerButton.swift */,
				884780EA4AE35DC8EB47FA06 /* SkeletonView.swift */,
				2150573043CA45CB8F2F1630 /* StatusBadge.swift */,
			);
			path = Components;
			sourceTree = "<group>";
		};
		441CD387779B75F06034D083 /* Products */ = {
			isa = PBXGroup;
			children = (
				3280C3D1E846A5A3C208B4DB /* My Finance.app */,
				6C2A488F662A057107B8E9D1 /* My FinanceTests.xctest */,
				0C2F54E084ABB427FCF1ABCD /* My FinanceUITests.xctest */,
			);
			name = Products;
			sourceTree = "<group>";
		};
		48FE0CBBE6396DFBF8634802 /* Models */ = {
			isa = PBXGroup;
			children = (
				C61A0000000000000000001A /* AppNotification.swift */,
				9B39FCE8E8A6D1B42D20A353 /* LocalModels.swift */,
				FBEF9CB7C3F8282F5494D68C /* RemoteModels.swift */,
			);
			path = Models;
			sourceTree = "<group>";
		};
		538A32B1FD2AF8BA20ADB33D /* Reports */ = {
			isa = PBXGroup;
			children = (
				A70000000000000000000020 /* Components */,
				A70000000000000000000002 /* ReportMetrics.swift */,
				A70000000000000000000001 /* ReportPeriod.swift */,
				3E2EBE416517D05AA67D5ED9 /* ReportsView.swift */,
			);
			path = Reports;
			sourceTree = "<group>";
		};
		53A8FD61B3BB9621288FB86D /* Categories */ = {
			isa = PBXGroup;
			children = (
				E5BF435250E4FBEE93C8039E /* AddEditCategoryView.swift */,
				DB1D06BFC5D226A7083DB0E7 /* CategoriesView.swift */,
			);
			path = Categories;
			sourceTree = "<group>";
		};
		54CDC2668004794C7A8A94F6 /* Budgets */ = {
			isa = PBXGroup;
			children = (
				0EEF878BC087FB60122FF4A0 /* AddEditBudgetView.swift */,
				BD880D4AEBFEEA72177182C0 /* BudgetsView.swift */,
			);
			path = Budgets;
			sourceTree = "<group>";
		};
		5E05928F226134DE324C22C6 /* Transactions */ = {
			isa = PBXGroup;
			children = (
				4C18ED1919F0D6A302F10ED5 /* AddEditTransactionView.swift */,
				7A87D61DA3670C98CAAFA441 /* TransactionsView.swift */,
				06AD3FC8ECF4136D90326F37 /* MonthCalendarView.swift */,
				D80000000000000000000003 /* TransactionCategoryPickerSheet.swift */,
				D80000000000000000000005 /* TransactionDateRange.swift */,
				D80000000000000000000002 /* TransactionDetailsSection.swift */,
				FA0000000000000000000001 /* TransactionFilter.swift */,
				FA0000000000000000000002 /* TransactionFilterSection.swift */,
				D80000000000000000000006 /* TransactionGroupingCalculator.swift */,
				65762D13C560E5F27E7C7A6E /* TransactionHeaderSection.swift */,
				ABB934DBDF281BE433486469 /* TransactionListSection.swift */,
				0003CC3E2DD2C23136CD5DF6 /* TransactionPaginationSection.swift */,
				D80000000000000000000007 /* TransactionPeriodTotals.swift */,
				25AF386E7E70A9823F6CE397 /* TransactionRow.swift */,
				D80000000000000000000001 /* TransactionTypeAmountSection.swift */,
				B47B838501FF58C95933C484 /* TxStatBox.swift */,
				D80000000000000000000004 /* TransactionWalletPickerSheet.swift */,
				54842597863F6CF3E47F7916 /* WeekSelectorView.swift */,
				AD9922F16B934293A75D0A00 /* TransactionViewModel.swift */,
			);
			path = Transactions;
			sourceTree = "<group>";
		};
		89C722CDFDC823C22DB49442 /* Settings */ = {
			isa = PBXGroup;
			children = (
				C70000000000000000000010 /* Components */,
				66976D0D1557A6ADFDEF5959 /* SettingsView.swift */,
			);
			path = Settings;
			sourceTree = "<group>";
		};
		91479600EFFC961ADAD6D0F8 /* Config */ = {
			isa = PBXGroup;
			children = (
				62514F436416338A82625D20 /* AppConfig.swift */,
			);
			path = Config;
			sourceTree = "<group>";
		};
		A70000000000000000000020 /* Components */ = {
			isa = PBXGroup;
			children = (
				A70000000000000000000014 /* ReportCashFlowCard.swift */,
				A70000000000000000000013 /* ReportDateNavigatorView.swift */,
				A70000000000000000000016 /* ReportIncomeExpenseChartCard.swift */,
				A70000000000000000000015 /* ReportNetWorthCard.swift */,
				A70000000000000000000012 /* ReportPeriodSelectorView.swift */,
				A70000000000000000000017 /* ReportSpendingBreakdownCard.swift */,
				A70000000000000000000011 /* ReportsContentView.swift */,
			);
			path = Components;
			sourceTree = "<group>";
		};
		AD793D18DF9BDC2732EF93D5 /* Views */ = {
			isa = PBXGroup;
			children = (
				F82C1E1CD7A407D1FF7872DC /* MainTabView.swift */,
				0121FE993DAE0AD28005418E /* RootView.swift */,
				C519CE826264B6B4D64050B7 /* Auth */,
				54CDC2668004794C7A8A94F6 /* Budgets */,
				53A8FD61B3BB9621288FB86D /* Categories */,
				34DF41BEB7DCAE944FFDCD1C /* Components */,
				0073767C6525E2F2064892F4 /* Dashboard */,
				0629E81C0E90A7199CB4E653 /* Debts */,
				C599917564863D9B57DDC709 /* More */,
				C61A0000000000000000004A /* NotificationsSheet.swift */,
				F0EC4DBC22C8DA687EDD9C12 /* Recurring */,
				538A32B1FD2AF8BA20ADB33D /* Reports */,
				31CF033F8D8F70C2F774EE97 /* SavingGoals */,
				89C722CDFDC823C22DB49442 /* Settings */,
				5E05928F226134DE324C22C6 /* Transactions */,
				E87D0FB57B9DCA2CEC95ADB9 /* Wallets */,
			);
			path = Views;
			sourceTree = "<group>";
		};
		C40000000000000000000001 /* Components */ = {
			isa = PBXGroup;
			children = (
				A4000000000000000000000C /* DebtAmountEntrySection.swift */,
				A40000000000000000000004 /* DebtDetailActionsSection.swift */,
				A40000000000000000000003 /* DebtDetailHeader.swift */,
				A40000000000000000000005 /* DebtInformationSection.swift */,
				A40000000000000000000006 /* DebtPaymentHistorySection.swift */,
				A4000000000000000000000B /* DebtRow.swift */,
				A4000000000000000000000A /* DebtsContentView.swift */,
			);
			path = Components;
			sourceTree = "<group>";
		};
		C50000000000000000000001 /* Components */ = {
			isa = PBXGroup;
			children = (
				A50000000000000000000003 /* WalletCashFlowSection.swift */,
				A50000000000000000000002 /* WalletDetailHeader.swift */,
				A50000000000000000000004 /* WalletInformationSection.swift */,
				A5000000000000000000000A /* WalletRow.swift */,
				A50000000000000000000009 /* WalletSummaryCard.swift */,
				A50000000000000000000005 /* WalletTransactionsSection.swift */,
				A50000000000000000000008 /* WalletsContentView.swift */,
			);
			path = Components;
			sourceTree = "<group>";
		};
		C519CE826264B6B4D64050B7 /* Auth */ = {
			isa = PBXGroup;
			children = (
				8A8D7C799F421AAC8521FFC5 /* LoginView.swift */,
			);
			path = Auth;
			sourceTree = "<group>";
		};
		C599917564863D9B57DDC709 /* More */ = {
			isa = PBXGroup;
			children = (
				5C7F797711FF67789CB01E16 /* MoreView.swift */,
			);
			path = More;
			sourceTree = "<group>";
		};
		C70000000000000000000010 /* Components */ = {
			isa = PBXGroup;
			children = (
				C70000000000000000000003 /* AvatarView.swift */,
				C70000000000000000000006 /* ChangePasswordSheet.swift */,
				C70000000000000000000005 /* EditFieldSheet.swift */,
				C70000000000000000000001 /* SettingsProfileHeader.swift */,
				C70000000000000000000002 /* SettingsRow.swift */,
				C70000000000000000000004 /* TextFieldKeyboardType.swift */,
			);
			path = Components;
			sourceTree = "<group>";
		};
		C8A4F01C2025DD520DACDDDE /* Personal Finance */ = {
			isa = PBXGroup;
			children = (
				47DB579F2EC9BFB1F8445486 /* Assets.xcassets */,
				CFF8F30A5B38C1F278683ED9 /* Info.plist */,
				AB43EDEAB7559804CA8B7BEA /* Personal_FinanceApp.swift */,
				91479600EFFC961ADAD6D0F8 /* Config */,
				C8AD3AB1CEBE770421EEEC16 /* Extensions */,
				48FE0CBBE6396DFBF8634802 /* Models */,
				D6391D263FBD04AE65765A7C /* Services */,
				E5B5022F1E427055558AC08A /* ViewModels */,
				AD793D18DF9BDC2732EF93D5 /* Views */,
			);
			path = "Personal Finance";
			sourceTree = "<group>";
		};
		C8AD3AB1CEBE770421EEEC16 /* Extensions */ = {
			isa = PBXGroup;
			children = (
				A1C7C65870795A95A26C83C0 /* Color+Hex.swift */,
				372B7BE7C7BC974EF1F4D121 /* Double+Currency.swift */,
				E36263D7531F4F4D9D014689 /* View+Helpers.swift */,
			);
			path = Extensions;
			sourceTree = "<group>";
		};
		D6391D263FBD04AE65765A7C /* Services */ = {
			isa = PBXGroup;
			children = (
				DA9C83680068144B3C599DAA /* BudgetService.swift */,
				5990C03C2F82819D1CFBCFE6 /* CategoryService.swift */,
				5DEC3E5D139DA0AE1D39EA12 /* DebtService.swift */,
				F90000000000000000000001 /* LocalDataStore.swift */,
				C61A0000000000000000002A /* NotificationService.swift */,
				3E970C7990445F773EA68DB0 /* RecurringService.swift */,
				79C34285F2EFAECDAD015EFB /* SavingGoalService.swift */,
				D3B8DACBFE33247F97EFB101 /* SupabaseService.swift */,
				78C0240555C6E44D0B6915A8 /* SyncManager.swift */,
				7B647D38742EC2C9E4A02C53 /* TransactionService.swift */,
				E046D095E689988603518CC6 /* WalletService.swift */,
				C1D2E3F4A5B6001166778899 /* TransferService.swift */,
			);
			path = Services;
			sourceTree = "<group>";
		};
		E5B5022F1E427055558AC08A /* ViewModels */ = {
			isa = PBXGroup;
			children = (
				4E4B584112C1B9A009F249D6 /* AuthViewModel.swift */,
				C61A0000000000000000003A /* NotificationViewModel.swift */,
				C61A0000000000000000005A /* AppTabRouter.swift */,
			);
			path = ViewModels;
			sourceTree = "<group>";
		};
		E87D0FB57B9DCA2CEC95ADB9 /* Wallets */ = {
			isa = PBXGroup;
			children = (
				AC60791EF2D1D550AE111223 /* AddEditWalletView.swift */,
				A50000000000000000000007 /* CreditPaymentSheet.swift */,
				C50000000000000000000001 /* Components */,
				A50000000000000000000001 /* WalletDetailMetrics.swift */,
				A20000000000000000000001 /* WalletDetailView.swift */,
				A50000000000000000000006 /* WalletListMetrics.swift */,
				2FE88AAE276CC435181621D2 /* WalletsView.swift */,
				D2E3F4A5B6C7001166778899 /* TransferSheet.swift */,
			);
			path = Wallets;
			sourceTree = "<group>";
		};
		F063FA1E7F6DFE14A48C7DDA /* Config */ = {
			isa = PBXGroup;
			children = (
				9A4A62405B4621BE6FDD10B5 /* Secrets.xcconfig */,
			);
			path = Config;
			sourceTree = "<group>";
		};
		F0EC4DBC22C8DA687EDD9C12 /* Recurring */ = {
			isa = PBXGroup;
			children = (
				5EDE77DAD013F9FF642A9C26 /* AddEditRecurringView.swift */,
				EE6249E108B6EAFEB4AD2C8D /* RecurringView.swift */,
			);
			path = Recurring;
			sourceTree = "<group>";
		};
		F87DCBF1F57ECE994792066F /* Personal FinanceTests */ = {
			isa = PBXGroup;
			children = (
				20FAE4E8373F658692BB0ECC /* Personal_FinanceTests.swift */,
			);
			path = "Personal FinanceTests";
			sourceTree = "<group>";
		};
/* End PBXGroup section */

/* Begin PBXNativeTarget section */
		0088E837158984D6866DAEF5 /* My FinanceTests */ = {
			isa = PBXNativeTarget;
			buildConfigurationList = A3077DF348911B7E2171C6AC /* Build configuration list for PBXNativeTarget "My FinanceTests" */;
			buildPhases = (
				00C222C962A9010691F1A4F0 /* Sources */,
			);
			buildRules = (
			);
			dependencies = (
				2C20B8B3D2525BEAAD33E908 /* PBXTargetDependency */,
			);
			name = "My FinanceTests";
			productName = "Personal FinanceTests";
			productReference = 6C2A488F662A057107B8E9D1 /* My FinanceTests.xctest */;
			productType = "com.apple.product-type.bundle.unit-test";
		};
		859A2CA9B2E326086932C5D0 /* My FinanceUITests */ = {
			isa = PBXNativeTarget;
			buildConfigurationList = 9BE61C562831ED5647B326FA /* Build configuration list for PBXNativeTarget "My FinanceUITests" */;
			buildPhases = (
				CA2EBD61E3F7D6E8B8374E22 /* Sources */,
			);
			buildRules = (
			);
			dependencies = (
				1013D93FED4EEC659B30536B /* PBXTargetDependency */,
			);
			name = "My FinanceUITests";
			productName = "Personal FinanceUITests";
			productReference = 0C2F54E084ABB427FCF1ABCD /* My FinanceUITests.xctest */;
			productType = "com.apple.product-type.bundle.ui-testing";
		};
		B730F9A298B04726F1FC40C9 /* My Finance */ = {
			isa = PBXNativeTarget;
			buildConfigurationList = 68CD6C4506897B235CDF9C14 /* Build configuration list for PBXNativeTarget "My Finance" */;
			buildPhases = (
				654213B467817387B732B1AC /* Sources */,
				21976E6B267FDA7B8B05F358 /* Resources */,
				A08E0F012248F3DA4B487DA1 /* Frameworks */,
			);
			buildRules = (
			);
			dependencies = (
			);
			name = "My Finance";
			packageProductDependencies = (
				DB04871FCADE838D2A8E52FF /* Supabase */,
			);
			productName = "Personal Finance";
			productReference = 3280C3D1E846A5A3C208B4DB /* My Finance.app */;
			productType = "com.apple.product-type.application";
		};
/* End PBXNativeTarget section */

/* Begin PBXProject section */
		C66A5173E5CAF2FBD7C8460C /* Project object */ = {
			isa = PBXProject;
			attributes = {
				BuildIndependentTargetsInParallel = YES;
				LastUpgradeCheck = 1640;
				TargetAttributes = {
					0088E837158984D6866DAEF5 = {
						DevelopmentTeam = 9FZ4FK5W4C;
					};
					859A2CA9B2E326086932C5D0 = {
						DevelopmentTeam = 9FZ4FK5W4C;
						TestTargetID = B730F9A298B04726F1FC40C9;
					};
					B730F9A298B04726F1FC40C9 = {
						ProvisioningStyle = Automatic;
					};
				};
			};
			buildConfigurationList = 0D7C11614483A85C48EBA15A /* Build configuration list for PBXProject "My Finance" */;
			developmentRegion = en;
			hasScannedForEncodings = 0;
			knownRegions = (
				Base,
				en,
			);
			mainGroup = 073718F8627DF8080EDD24CA;
			minimizedProjectReferenceProxies = 1;
			packageReferences = (
				0592518CCEB8F04DF3E44A26 /* XCRemoteSwiftPackageReference "supabase-swift" */,
			);
			preferredProjectObjectVersion = 77;
			productRefGroup = 441CD387779B75F06034D083 /* Products */;
			projectDirPath = "";
			projectRoot = "";
			targets = (
				B730F9A298B04726F1FC40C9 /* My Finance */,
				0088E837158984D6866DAEF5 /* My FinanceTests */,
				859A2CA9B2E326086932C5D0 /* My FinanceUITests */,
			);
		};
/* End PBXProject section */

/* Begin PBXResourcesBuildPhase section */
		21976E6B267FDA7B8B05F358 /* Resources */ = {
			isa = PBXResourcesBuildPhase;
			buildActionMask = 2147483647;
			files = (
				297C2EAF4759093B247031DA /* Assets.xcassets in Resources */,
			);
			runOnlyForDeploymentPostprocessing = 0;
		};
/* End PBXResourcesBuildPhase section */

/* Begin PBXSourcesBuildPhase section */
		00C222C962A9010691F1A4F0 /* Sources */ = {
			isa = PBXSourcesBuildPhase;
			buildActionMask = 2147483647;
			files = (
				85B6F719BBABA3667E0AC6D5 /* Personal_FinanceTests.swift in Sources */,
			);
			runOnlyForDeploymentPostprocessing = 0;
		};
		654213B467817387B732B1AC /* Sources */ = {
			isa = PBXSourcesBuildPhase;
			buildActionMask = 2147483647;
			files = (
				2A925F465D0945DE51325686 /* AddEditBudgetView.swift in Sources */,
				486E1CF41EDB00C99AAB6115 /* AddEditCategoryView.swift in Sources */,
				559B91071B25A3AD3A94F8EB /* AddEditDebtView.swift in Sources */,
				647966E3F1A0BEB199331DFE /* AddEditRecurringView.swift in Sources */,
				C3AF285594382F775B2A9C6F /* AddEditSavingGoalView.swift in Sources */,
				11BE23FD160D549CBC22AC97 /* AddEditTransactionView.swift in Sources */,
				A0930DDD42F16BEF22B53F2E /* AddEditWalletView.swift in Sources */,
				402701E7763CD1241602A7F5 /* AppConfig.swift in Sources */,
				8D3FA27F135130DF9FF24E65 /* AuthViewModel.swift in Sources */,
				E70000000000000000000003 /* AvatarView.swift in Sources */,
				BB036A2778F844F392B439CB /* BalanceCardView.swift in Sources */,
				856B01A3584354A4DE54D6F2 /* BudgetProgressView.swift in Sources */,
				EDDFD094055B03BCB632830D /* BudgetService.swift in Sources */,
				4F6F542CF9D41E878A64DA9A /* BudgetsView.swift in Sources */,
				41A37F21F6B2CA268F53BA83 /* CategoriesView.swift in Sources */,
				4DEB23D65ED71EFEA3E3A46C /* CategoryService.swift in Sources */,
				E70000000000000000000006 /* ChangePasswordSheet.swift in Sources */,
				75AF65FC88DE13A2B23AACA1 /* Color+Hex.swift in Sources */,
				B50000000000000000000007 /* CreditPaymentSheet.swift in Sources */,
				B60000000000000000000002 /* CurrencyAmountField.swift in Sources */,
				B10000000000000000000004 /* DashboardAlertsCard.swift in Sources */,
				B10000000000000000000006 /* DashboardContentView.swift in Sources */,
				B10000000000000000000001 /* DashboardMetrics.swift in Sources */,
				B10000000000000000000003 /* DashboardNetWorthCard.swift in Sources */,
				B10000000000000000000002 /* DashboardOverviewCard.swift in Sources */,
				B10000000000000000000005 /* DashboardRecentTransactionsSection.swift in Sources */,
				8AE3276F52C816B84A088259 /* DashboardView.swift in Sources */,
				B40000000000000000000009 /* DebtAdditionSheet.swift in Sources */,
				B4000000000000000000000C /* DebtAmountEntrySection.swift in Sources */,
				30E31E9522DBAE2AB901D93C /* DebtService.swift in Sources */,
				B40000000000000000000004 /* DebtDetailActionsSection.swift in Sources */,
				B40000000000000000000003 /* DebtDetailHeader.swift in Sources */,
				B30000000000000000000001 /* DebtDetailView.swift in Sources */,
				B40000000000000000000007 /* DebtFilterType.swift in Sources */,
				B40000000000000000000005 /* DebtInformationSection.swift in Sources */,
				B40000000000000000000006 /* DebtPaymentHistorySection.swift in Sources */,
				B40000000000000000000002 /* DebtPaymentHistoryViewModel.swift in Sources */,
				B40000000000000000000008 /* DebtPaymentSheet.swift in Sources */,
				B4000000000000000000000B /* DebtRow.swift in Sources */,
				B4000000000000000000000A /* DebtsContentView.swift in Sources */,
				150761A60A088A760C561724 /* DebtsView.swift in Sources */,
				B40000000000000000000001 /* DetailInfoRow.swift in Sources */,
				B60000000000000000000001 /* DeleteConfirmationModifier.swift in Sources */,
				DA89449191F3C74D05B89FC0 /* Double+Currency.swift in Sources */,
				E70000000000000000000005 /* EditFieldSheet.swift in Sources */,
				C6783596677CAD441B221743 /* EmojiPickerButton.swift in Sources */,
				F90100000000000000000001 /* LocalDataStore.swift in Sources */,
				B81443CC4FBA1C51D411EBBD /* LocalModels.swift in Sources */,
				637AF6F47E07D98CD885F7A0 /* LoginView.swift in Sources */,
				DC9A29DA4776343E78343F0E /* MainTabView.swift in Sources */,
				55FB2C5387B6898D00E26E8B /* MonthSelectorView.swift in Sources */,
				236D288B7ADAB5F690629A01 /* MonthlyStatView.swift in Sources */,
				8D641866A51127E57C6C4D54 /* MoreView.swift in Sources */,
				FE14BEC58064B835B663B138 /* Personal_FinanceApp.swift in Sources */,
				5CAC15D889E4A48A2EF75283 /* RecentTransactionRowView.swift in Sources */,
				2C9D4127BC2452D154C4E11D /* RecurringService.swift in Sources */,
				3C4C2EA20AD02C9F5194698B /* RecurringView.swift in Sources */,
				61BD36C9C93481E76D382788 /* RemoteModels.swift in Sources */,
				B70000000000000000000014 /* ReportCashFlowCard.swift in Sources */,
				B70000000000000000000013 /* ReportDateNavigatorView.swift in Sources */,
				B70000000000000000000016 /* ReportIncomeExpenseChartCard.swift in Sources */,
				B70000000000000000000002 /* ReportMetrics.swift in Sources */,
				B70000000000000000000015 /* ReportNetWorthCard.swift in Sources */,
				B70000000000000000000001 /* ReportPeriod.swift in Sources */,
				B70000000000000000000012 /* ReportPeriodSelectorView.swift in Sources */,
				B70000000000000000000017 /* ReportSpendingBreakdownCard.swift in Sources */,
				B70000000000000000000011 /* ReportsContentView.swift in Sources */,
				C12AF5518215280AD3D9E112 /* ReportsView.swift in Sources */,
				3664FFE71FD9E6885F3705F2 /* RootView.swift in Sources */,
				8E2C1822B0B784A4399A7838 /* SavingGoalService.swift in Sources */,
				37C3DB63B08F87D41E0BACCD /* SavingGoalsView.swift in Sources */,
				E70000000000000000000001 /* SettingsProfileHeader.swift in Sources */,
				FD0000000000000000000001 /* AppScreenHeaderModifier.swift in Sources */,
				E70000000000000000000002 /* SettingsRow.swift in Sources */,
				09D131ED937E71857B4EBA22 /* SettingsView.swift in Sources */,
				4CD605F9FA9CAA07A33E7F35 /* SkeletonView.swift in Sources */,
				C8B128142F8645C0615782C2 /* SpendingChartView.swift in Sources */,
				87E9B4F5CFF2F5D26AE73A97 /* SupabaseService.swift in Sources */,
				ECC8D8F1E3801E9D308783EA /* SyncManager.swift in Sources */,
				E70000000000000000000004 /* TextFieldKeyboardType.swift in Sources */,
				E80000000000000000000003 /* TransactionCategoryPickerSheet.swift in Sources */,
				E80000000000000000000005 /* TransactionDateRange.swift in Sources */,
				E80000000000000000000002 /* TransactionDetailsSection.swift in Sources */,
				FB0000000000000000000001 /* TransactionFilter.swift in Sources */,
				FB0000000000000000000002 /* TransactionFilterSection.swift in Sources */,
				E80000000000000000000006 /* TransactionGroupingCalculator.swift in Sources */,
				E80000000000000000000007 /* TransactionPeriodTotals.swift in Sources */,
				77E61E94AFC70DE5D2AA5E45 /* TransactionService.swift in Sources */,
				E80000000000000000000001 /* TransactionTypeAmountSection.swift in Sources */,
				E80000000000000000000004 /* TransactionWalletPickerSheet.swift in Sources */,
				A60BFED72DD138A98096A848 /* TransactionsView.swift in Sources */,
				2415A6615DDDE80604624073 /* WalletService.swift in Sources */,
				B50000000000000000000003 /* WalletCashFlowSection.swift in Sources */,
				B50000000000000000000002 /* WalletDetailHeader.swift in Sources */,
				B50000000000000000000001 /* WalletDetailMetrics.swift in Sources */,
				B20000000000000000000001 /* WalletDetailView.swift in Sources */,
				B50000000000000000000004 /* WalletInformationSection.swift in Sources */,
				B50000000000000000000006 /* WalletListMetrics.swift in Sources */,
				B5000000000000000000000A /* WalletRow.swift in Sources */,
				B50000000000000000000009 /* WalletSummaryCard.swift in Sources */,
				B50000000000000000000005 /* WalletTransactionsSection.swift in Sources */,
				B50000000000000000000008 /* WalletsContentView.swift in Sources */,
				EDC0D64757240DCC0B20DC40 /* WalletsView.swift in Sources */,
				0F19CA358E96463CCDAEFFE7 /* MonthCalendarView.swift in Sources */,
				C527370E4FD6FACE8D5E72FC /* TransactionHeaderSection.swift in Sources */,
				F56CD755F0BA18B2D542338B /* TransactionListSection.swift in Sources */,
				26D8A01BCA3EC2BCB348A211 /* TransactionPaginationSection.swift in Sources */,
				3BA7E5DBD691BD2837E03BD6 /* TransactionRow.swift in Sources */,
				F0E57EBC59406BFBC97F1F77 /* TxStatBox.swift in Sources */,
				CA2DFA5FC50279A2E37C68C8 /* WeekSelectorView.swift in Sources */,
				46894645D49B40359E2B3B91 /* TransactionViewModel.swift in Sources */,
				F6097AD3B5064DF083E8265A /* View+Helpers.swift in Sources */,
				0E7AE0CB35BB4C2FAC9729F0 /* StatusBadge.swift in Sources */,
				C1D2E3F4A5B6001122334455 /* TransferService.swift in Sources */,
				D2E3F4A5B6C7001122334455 /* TransferSheet.swift in Sources */,
				D61A0000000000000000001A /* AppNotification.swift in Sources */,
				D61A0000000000000000002A /* NotificationService.swift in Sources */,
				D61A0000000000000000003A /* NotificationViewModel.swift in Sources */,
				D61A0000000000000000004A /* NotificationsSheet.swift in Sources */,
				D61A0000000000000000005A /* AppTabRouter.swift in Sources */,
			);
			runOnlyForDeploymentPostprocessing = 0;
		};
		CA2EBD61E3F7D6E8B8374E22 /* Sources */ = {
			isa = PBXSourcesBuildPhase;
			buildActionMask = 2147483647;
			files = (
				59B492622A2FBAB635DB6CC3 /* Personal_FinanceUITests.swift in Sources */,
				B756B91DD5B5C919A73C7FC3 /* Personal_FinanceUITestsLaunchTests.swift in Sources */,
			);
			runOnlyForDeploymentPostprocessing = 0;
		};
/* End PBXSourcesBuildPhase section */

/* Begin PBXTargetDependency section */
		1013D93FED4EEC659B30536B /* PBXTargetDependency */ = {
			isa = PBXTargetDependency;
			target = B730F9A298B04726F1FC40C9 /* My Finance */;
			targetProxy = BDE0E7C64984DD8285D4361B /* PBXContainerItemProxy */;
		};
		2C20B8B3D2525BEAAD33E908 /* PBXTargetDependency */ = {
			isa = PBXTargetDependency;
			target = B730F9A298B04726F1FC40C9 /* My Finance */;
			targetProxy = 49EA61867109A51F58E968A8 /* PBXContainerItemProxy */;
		};
/* End PBXTargetDependency section */

/* Begin XCBuildConfiguration section */
		0BC0A4E3BA9B735E86AA8DCE /* Debug */ = {
			isa = XCBuildConfiguration;
			buildSettings = {
				BUNDLE_LOADER = "$(TEST_HOST)";
				LD_RUNPATH_SEARCH_PATHS = (
					"$(inherited)",
					"@executable_path/Frameworks",
					"@loader_path/Frameworks",
				);
				PRODUCT_BUNDLE_IDENTIFIER = dev.nghiabui.personalfinance.uitests;
				PRODUCT_NAME = "My FinanceUITests";
				SDKROOT = iphoneos;
				SWIFT_EMIT_LOC_STRINGS = YES;
				TARGETED_DEVICE_FAMILY = "1,2";
				TEST_TARGET_NAME = "Personal Finance";
			};
			name = Debug;
		};
		24577C4CDD9D3EA89BBAEA67 /* Debug */ = {
			isa = XCBuildConfiguration;
			baseConfigurationReference = 9A4A62405B4621BE6FDD10B5 /* Secrets.xcconfig */;
			buildSettings = {
				ASSETCATALOG_COMPILER_APPICON_NAME = AppIcon;
				ASSETCATALOG_COMPILER_GENERATE_SWIFT_ASSET_SYMBOL_EXTENSIONS = YES;
				ASSETCATALOG_COMPILER_GLOBAL_ACCENT_COLOR_NAME = AccentColor;
				CODE_SIGN_IDENTITY = "iPhone Developer";
				CODE_SIGN_STYLE = Automatic;
				CURRENT_PROJECT_VERSION = 1;
				DEVELOPMENT_TEAM = NVX687Y635;
				INFOPLIST_FILE = "Personal Finance/Info.plist";
				IPHONEOS_DEPLOYMENT_TARGET = 18.0;
				LD_RUNPATH_SEARCH_PATHS = (
					"$(inherited)",
					"@executable_path/Frameworks",
				);
				MARKETING_VERSION = 1.0;
				PRODUCT_BUNDLE_IDENTIFIER = nghiabui.personalfinance;
				PRODUCT_NAME = "My Finance";
				SDKROOT = iphoneos;
				SWIFT_EMIT_LOC_STRINGS = YES;
				SWIFT_VERSION = 5.0;
				TARGETED_DEVICE_FAMILY = "1,2";
			};
			name = Debug;
		};
		3539C8724C0994CACE151E5B /* Release */ = {
			isa = XCBuildConfiguration;
			baseConfigurationReference = 9A4A62405B4621BE6FDD10B5 /* Secrets.xcconfig */;
			buildSettings = {
				ASSETCATALOG_COMPILER_APPICON_NAME = AppIcon;
				ASSETCATALOG_COMPILER_GENERATE_SWIFT_ASSET_SYMBOL_EXTENSIONS = YES;
				ASSETCATALOG_COMPILER_GLOBAL_ACCENT_COLOR_NAME = AccentColor;
				CODE_SIGN_IDENTITY = "iPhone Developer";
				CODE_SIGN_STYLE = Automatic;
				CURRENT_PROJECT_VERSION = 1;
				DEVELOPMENT_TEAM = NVX687Y635;
				INFOPLIST_FILE = "Personal Finance/Info.plist";
				IPHONEOS_DEPLOYMENT_TARGET = 18.0;
				LD_RUNPATH_SEARCH_PATHS = (
					"$(inherited)",
					"@executable_path/Frameworks",
				);
				MARKETING_VERSION = 1.0;
				PRODUCT_BUNDLE_IDENTIFIER = nghiabui.personalfinance;
				PRODUCT_NAME = "My Finance";
				SDKROOT = iphoneos;
				SWIFT_EMIT_LOC_STRINGS = YES;
				SWIFT_VERSION = 5.0;
				TARGETED_DEVICE_FAMILY = "1,2";
			};
			name = Release;
		};
		36A1511AF6875E75430C454B /* Release */ = {
			isa = XCBuildConfiguration;
			buildSettings = {
				BUNDLE_LOADER = "$(TEST_HOST)";
				LD_RUNPATH_SEARCH_PATHS = (
					"$(inherited)",
					"@executable_path/Frameworks",
					"@loader_path/Frameworks",
				);
				PRODUCT_BUNDLE_IDENTIFIER = dev.nghiabui.personalfinance.tests;
				PRODUCT_NAME = "My FinanceTests";
				SDKROOT = iphoneos;
				SWIFT_EMIT_LOC_STRINGS = YES;
				TARGETED_DEVICE_FAMILY = "1,2";
				TEST_HOST = "$(BUILT_PRODUCTS_DIR)/My Finance.app/My Finance";
			};
			name = Release;
		};
		565DC423F53F380B20D14228 /* Release */ = {
			isa = XCBuildConfiguration;
			buildSettings = {
				BUNDLE_LOADER = "$(TEST_HOST)";
				LD_RUNPATH_SEARCH_PATHS = (
					"$(inherited)",
					"@executable_path/Frameworks",
					"@loader_path/Frameworks",
				);
				PRODUCT_BUNDLE_IDENTIFIER = dev.nghiabui.personalfinance.uitests;
				PRODUCT_NAME = "My FinanceUITests";
				SDKROOT = iphoneos;
				SWIFT_EMIT_LOC_STRINGS = YES;
				TARGETED_DEVICE_FAMILY = "1,2";
				TEST_TARGET_NAME = "Personal Finance";
			};
			name = Release;
		};
		BB6D9878851E0786A3265230 /* Debug */ = {
			isa = XCBuildConfiguration;
			buildSettings = {
				ALWAYS_SEARCH_USER_PATHS = NO;
				CLANG_ANALYZER_NONNULL = YES;
				CLANG_ANALYZER_NUMBER_OBJECT_CONVERSION = YES_AGGRESSIVE;
				CLANG_CXX_LANGUAGE_STANDARD = "gnu++14";
				CLANG_CXX_LIBRARY = "libc++";
				CLANG_ENABLE_MODULES = YES;
				CLANG_ENABLE_OBJC_ARC = YES;
				CLANG_ENABLE_OBJC_WEAK = YES;
				CLANG_WARN_BLOCK_CAPTURE_AUTORELEASING = YES;
				CLANG_WARN_BOOL_CONVERSION = YES;
				CLANG_WARN_COMMA = YES;
				CLANG_WARN_CONSTANT_CONVERSION = YES;
				CLANG_WARN_DEPRECATED_OBJC_IMPLEMENTATIONS = YES;
				CLANG_WARN_DIRECT_OBJC_ISA_USAGE = YES_ERROR;
				CLANG_WARN_DOCUMENTATION_COMMENTS = YES;
				CLANG_WARN_EMPTY_BODY = YES;
				CLANG_WARN_ENUM_CONVERSION = YES;
				CLANG_WARN_INFINITE_RECURSION = YES;
				CLANG_WARN_INT_CONVERSION = YES;
				CLANG_WARN_NON_LITERAL_NULL_CONVERSION = YES;
				CLANG_WARN_OBJC_IMPLICIT_RETAIN_SELF = YES;
				CLANG_WARN_OBJC_LITERAL_CONVERSION = YES;
				CLANG_WARN_OBJC_ROOT_CLASS = YES_ERROR;
				CLANG_WARN_QUOTED_INCLUDE_IN_FRAMEWORK_HEADER = YES;
				CLANG_WARN_RANGE_LOOP_ANALYSIS = YES;
				CLANG_WARN_STRICT_PROTOTYPES = YES;
				CLANG_WARN_SUSPICIOUS_MOVE = YES;
				CLANG_WARN_UNGUARDED_AVAILABILITY = YES_AGGRESSIVE;
				CLANG_WARN_UNREACHABLE_CODE = YES;
				CLANG_WARN__DUPLICATE_METHOD_MATCH = YES;
				COPY_PHASE_STRIP = NO;
				DEBUG_INFORMATION_FORMAT = dwarf;
				DEVELOPMENT_TEAM = 9FZ4FK5W4C;
				ENABLE_STRICT_OBJC_MSGSEND = YES;
				ENABLE_TESTABILITY = YES;
				ENABLE_USER_SCRIPT_SANDBOXING = YES;
				GCC_C_LANGUAGE_STANDARD = gnu11;
				GCC_DYNAMIC_NO_PIC = NO;
				GCC_NO_COMMON_BLOCKS = YES;
				GCC_OPTIMIZATION_LEVEL = 0;
				GCC_PREPROCESSOR_DEFINITIONS = (
					"$(inherited)",
					"DEBUG=1",
				);
				GCC_WARN_64_TO_32_BIT_CONVERSION = YES;
				GCC_WARN_ABOUT_RETURN_TYPE = YES_ERROR;
				GCC_WARN_UNDECLARED_SELECTOR = YES;
				GCC_WARN_UNINITIALIZED_AUTOS = YES_AGGRESSIVE;
				GCC_WARN_UNUSED_FUNCTION = YES;
				GCC_WARN_UNUSED_VARIABLE = YES;
				IPHONEOS_DEPLOYMENT_TARGET = 17.0;
				MTL_ENABLE_DEBUG_INFO = INCLUDE_SOURCE;
				MTL_FAST_MATH = YES;
				ONLY_ACTIVE_ARCH = YES;
				PRODUCT_NAME = "$(TARGET_NAME)";
				SDKROOT = iphoneos;
				SWIFT_ACTIVE_COMPILATION_CONDITIONS = DEBUG;
				SWIFT_OPTIMIZATION_LEVEL = "-Onone";
				SWIFT_VERSION = 5.0;
			};
			name = Debug;
		};
		CB6C66B7D32342F73BA8049D /* Debug */ = {
			isa = XCBuildConfiguration;
			buildSettings = {
				BUNDLE_LOADER = "$(TEST_HOST)";
				LD_RUNPATH_SEARCH_PATHS = (
					"$(inherited)",
					"@executable_path/Frameworks",
					"@loader_path/Frameworks",
				);
				PRODUCT_BUNDLE_IDENTIFIER = dev.nghiabui.personalfinance.tests;
				PRODUCT_NAME = "My FinanceTests";
				SDKROOT = iphoneos;
				SWIFT_EMIT_LOC_STRINGS = YES;
				TARGETED_DEVICE_FAMILY = "1,2";
				TEST_HOST = "$(BUILT_PRODUCTS_DIR)/My Finance.app/My Finance";
			};
			name = Debug;
		};
		FEE96742FFABAC5E2F067791 /* Release */ = {
			isa = XCBuildConfiguration;
			buildSettings = {
				ALWAYS_SEARCH_USER_PATHS = NO;
				CLANG_ANALYZER_NONNULL = YES;
				CLANG_ANALYZER_NUMBER_OBJECT_CONVERSION = YES_AGGRESSIVE;
				CLANG_CXX_LANGUAGE_STANDARD = "gnu++14";
				CLANG_CXX_LIBRARY = "libc++";
				CLANG_ENABLE_MODULES = YES;
				CLANG_ENABLE_OBJC_ARC = YES;
				CLANG_ENABLE_OBJC_WEAK = YES;
				CLANG_WARN_BLOCK_CAPTURE_AUTORELEASING = YES;
				CLANG_WARN_BOOL_CONVERSION = YES;
				CLANG_WARN_COMMA = YES;
				CLANG_WARN_CONSTANT_CONVERSION = YES;
				CLANG_WARN_DEPRECATED_OBJC_IMPLEMENTATIONS = YES;
				CLANG_WARN_DIRECT_OBJC_ISA_USAGE = YES_ERROR;
				CLANG_WARN_DOCUMENTATION_COMMENTS = YES;
				CLANG_WARN_EMPTY_BODY = YES;
				CLANG_WARN_ENUM_CONVERSION = YES;
				CLANG_WARN_INFINITE_RECURSION = YES;
				CLANG_WARN_INT_CONVERSION = YES;
				CLANG_WARN_NON_LITERAL_NULL_CONVERSION = YES;
				CLANG_WARN_OBJC_IMPLICIT_RETAIN_SELF = YES;
				CLANG_WARN_OBJC_LITERAL_CONVERSION = YES;
				CLANG_WARN_OBJC_ROOT_CLASS = YES_ERROR;
				CLANG_WARN_QUOTED_INCLUDE_IN_FRAMEWORK_HEADER = YES;
				CLANG_WARN_RANGE_LOOP_ANALYSIS = YES;
				CLANG_WARN_STRICT_PROTOTYPES = YES;
				CLANG_WARN_SUSPICIOUS_MOVE = YES;
				CLANG_WARN_UNGUARDED_AVAILABILITY = YES_AGGRESSIVE;
				CLANG_WARN_UNREACHABLE_CODE = YES;
				CLANG_WARN__DUPLICATE_METHOD_MATCH = YES;
				COPY_PHASE_STRIP = NO;
				DEBUG_INFORMATION_FORMAT = "dwarf-with-dsym";
				DEVELOPMENT_TEAM = 9FZ4FK5W4C;
				ENABLE_NS_ASSERTIONS = NO;
				ENABLE_STRICT_OBJC_MSGSEND = YES;
				ENABLE_USER_SCRIPT_SANDBOXING = YES;
				GCC_C_LANGUAGE_STANDARD = gnu11;
				GCC_NO_COMMON_BLOCKS = YES;
				GCC_WARN_64_TO_32_BIT_CONVERSION = YES;
				GCC_WARN_ABOUT_RETURN_TYPE = YES_ERROR;
				GCC_WARN_UNDECLARED_SELECTOR = YES;
				GCC_WARN_UNINITIALIZED_AUTOS = YES_AGGRESSIVE;
				GCC_WARN_UNUSED_FUNCTION = YES;
				GCC_WARN_UNUSED_VARIABLE = YES;
				IPHONEOS_DEPLOYMENT_TARGET = 17.0;
				MTL_ENABLE_DEBUG_INFO = NO;
				MTL_FAST_MATH = YES;
				PRODUCT_NAME = "$(TARGET_NAME)";
				SDKROOT = iphoneos;
				SWIFT_COMPILATION_MODE = wholemodule;
				SWIFT_OPTIMIZATION_LEVEL = "-O";
				SWIFT_VERSION = 5.0;
			};
			name = Release;
		};
/* End XCBuildConfiguration section */

/* Begin XCConfigurationList section */
		0D7C11614483A85C48EBA15A /* Build configuration list for PBXProject "My Finance" */ = {
			isa = XCConfigurationList;
			buildConfigurations = (
				BB6D9878851E0786A3265230 /* Debug */,
				FEE96742FFABAC5E2F067791 /* Release */,
			);
			defaultConfigurationIsVisible = 0;
			defaultConfigurationName = Debug;
		};
		68CD6C4506897B235CDF9C14 /* Build configuration list for PBXNativeTarget "My Finance" */ = {
			isa = XCConfigurationList;
			buildConfigurations = (
				24577C4CDD9D3EA89BBAEA67 /* Debug */,
				3539C8724C0994CACE151E5B /* Release */,
			);
			defaultConfigurationIsVisible = 0;
			defaultConfigurationName = Debug;
		};
		9BE61C562831ED5647B326FA /* Build configuration list for PBXNativeTarget "My FinanceUITests" */ = {
			isa = XCConfigurationList;
			buildConfigurations = (
				0BC0A4E3BA9B735E86AA8DCE /* Debug */,
				565DC423F53F380B20D14228 /* Release */,
			);
			defaultConfigurationIsVisible = 0;
			defaultConfigurationName = Debug;
		};
		A3077DF348911B7E2171C6AC /* Build configuration list for PBXNativeTarget "My FinanceTests" */ = {
			isa = XCConfigurationList;
			buildConfigurations = (
				CB6C66B7D32342F73BA8049D /* Debug */,
				36A1511AF6875E75430C454B /* Release */,
			);
			defaultConfigurationIsVisible = 0;
			defaultConfigurationName = Debug;
		};
/* End XCConfigurationList section */

/* Begin XCRemoteSwiftPackageReference section */
		0592518CCEB8F04DF3E44A26 /* XCRemoteSwiftPackageReference "supabase-swift" */ = {
			isa = XCRemoteSwiftPackageReference;
			repositoryURL = "https://github.com/supabase/supabase-swift";
			requirement = {
				kind = upToNextMajorVersion;
				minimumVersion = 2.0.0;
			};
		};
/* End XCRemoteSwiftPackageReference section */

/* Begin XCSwiftPackageProductDependency section */
		DB04871FCADE838D2A8E52FF /* Supabase */ = {
			isa = XCSwiftPackageProductDependency;
			package = 0592518CCEB8F04DF3E44A26 /* XCRemoteSwiftPackageReference "supabase-swift" */;
			productName = Supabase;
		};
/* End XCSwiftPackageProductDependency section */
	};
	rootObject = C66A5173E5CAF2FBD7C8460C /* Project object */;
}
